// !$*UTF8*$!
{
	archiveVersion = 1;
	classes = {
	};
	objectVersion = 46;
	objects = {

/* Begin PBXBuildFile section */
		6C9FC7491C1168CD00B292B8 /* DatagramSocket.cpp in Sources */ = {isa = PBXBuildFile; fileRef = 6C9FC7471C1168CD00B292B8 /* DatagramSocket.cpp */; };
		6C9FC74B1C116C7200B292B8 /* DatagramSocket.cpp in Sources */ = {isa = PBXBuildFile; fileRef = 6C9FC7471C1168CD00B292B8 /* DatagramSocket.cpp */; };
		E815B9E71EBD4F0E001E8E22 /* AutoLock.cpp in Sources */ = {isa = PBXBuildFile; fileRef = E815B9E11EBD4F0E001E8E22 /* AutoLock.cpp */; };
		E815B9E81EBD4F0E001E8E22 /* AutoLock.cpp in Sources */ = {isa = PBXBuildFile; fileRef = E815B9E11EBD4F0E001E8E22 /* AutoLock.cpp */; };
		E815B9E91EBD4F0E001E8E22 /* Mutex.cpp in Sources */ = {isa = PBXBuildFile; fileRef = E815B9E31EBD4F0E001E8E22 /* Mutex.cpp */; };
		E815B9EA1EBD4F0E001E8E22 /* Mutex.cpp in Sources */ = {isa = PBXBuildFile; fileRef = E815B9E31EBD4F0E001E8E22 /* Mutex.cpp */; };
		E815B9EB1EBD4F0E001E8E22 /* Semaphore.cpp in Sources */ = {isa = PBXBuildFile; fileRef = E815B9E51EBD4F0E001E8E22 /* Semaphore.cpp */; };
		E815B9EC1EBD4F0E001E8E22 /* Semaphore.cpp in Sources */ = {isa = PBXBuildFile; fileRef = E815B9E51EBD4F0E001E8E22 /* Semaphore.cpp */; };
		E81F60A51E8DCF260082D294 /* ByteArray.cpp in Sources */ = {isa = PBXBuildFile; fileRef = E81F60A21E8DCF260082D294 /* ByteArray.cpp */; };
		E81F60A61E8DCF260082D294 /* ByteArray.cpp in Sources */ = {isa = PBXBuildFile; fileRef = E81F60A21E8DCF260082D294 /* ByteArray.cpp */; };
		E81FE39E1CC78532003D3F15 /* CountDownLatch.cpp in Sources */ = {isa = PBXBuildFile; fileRef = E81FE3971CC78532003D3F15 /* CountDownLatch.cpp */; };
		E81FE39F1CC78532003D3F15 /* CountDownLatch.cpp in Sources */ = {isa = PBXBuildFile; fileRef = E81FE3971CC78532003D3F15 /* CountDownLatch.cpp */; };
		E81FE3A01CC78532003D3F15 /* Observer.cpp in Sources */ = {isa = PBXBuildFile; fileRef = E81FE3991CC78532003D3F15 /* Observer.cpp */; };
		E81FE3A11CC78532003D3F15 /* Observer.cpp in Sources */ = {isa = PBXBuildFile; fileRef = E81FE3991CC78532003D3F15 /* Observer.cpp */; };
		E81FE3A21CC78532003D3F15 /* TestSuite.cpp in Sources */ = {isa = PBXBuildFile; fileRef = E81FE39C1CC78532003D3F15 /* TestSuite.cpp */; };
		E81FE3A31CC78532003D3F15 /* TestSuite.cpp in Sources */ = {isa = PBXBuildFile; fileRef = E81FE39C1CC78532003D3F15 /* TestSuite.cpp */; };
		E824CD7B1DB6CEFE00EA2518 /* Date.cpp in Sources */ = {isa = PBXBuildFile; fileRef = E824CD741DB6CEFE00EA2518 /* Date.cpp */; };
		E824CD7C1DB6CEFE00EA2518 /* File.cpp in Sources */ = {isa = PBXBuildFile; fileRef = E824CD761DB6CEFE00EA2518 /* File.cpp */; };
		E824CD7D1DB6CEFE00EA2518 /* Library.cpp in Sources */ = {isa = PBXBuildFile; fileRef = E824CD781DB6CEFE00EA2518 /* Library.cpp */; };
		E824CD7F1DB6CF5600EA2518 /* Date.cpp in Sources */ = {isa = PBXBuildFile; fileRef = E824CD741DB6CEFE00EA2518 /* Date.cpp */; };
		E824CD801DB6CF5600EA2518 /* File.cpp in Sources */ = {isa = PBXBuildFile; fileRef = E824CD761DB6CEFE00EA2518 /* File.cpp */; };
		E824CD811DB6CF5600EA2518 /* Library.cpp in Sources */ = {isa = PBXBuildFile; fileRef = E824CD781DB6CEFE00EA2518 /* Library.cpp */; };
		E846C7881F0E753200F7EA38 /* DatabaseDriver.cpp in Sources */ = {isa = PBXBuildFile; fileRef = E846C7841F0E753200F7EA38 /* DatabaseDriver.cpp */; };
		E846C7891F0E753200F7EA38 /* DatabaseDriver.cpp in Sources */ = {isa = PBXBuildFile; fileRef = E846C7841F0E753200F7EA38 /* DatabaseDriver.cpp */; };
		E846C78A1F0E753200F7EA38 /* Uri.cpp in Sources */ = {isa = PBXBuildFile; fileRef = E846C7861F0E753200F7EA38 /* Uri.cpp */; };
		E846C78B1F0E753200F7EA38 /* Uri.cpp in Sources */ = {isa = PBXBuildFile; fileRef = E846C7861F0E753200F7EA38 /* Uri.cpp */; };
		E857BB6B1BECD09800D2022F /* Logger.cpp in Sources */ = {isa = PBXBuildFile; fileRef = E857BB691BECD09800D2022F /* Logger.cpp */; };
		E857BB6C1BECD0A500D2022F /* Logger.cpp in Sources */ = {isa = PBXBuildFile; fileRef = E857BB691BECD09800D2022F /* Logger.cpp */; };
		E86940391D19F97100192CBB /* ArgumentParser.cpp in Sources */ = {isa = PBXBuildFile; fileRef = E86940301D19F97100192CBB /* ArgumentParser.cpp */; };
		E869403A1D19F97100192CBB /* Random.cpp in Sources */ = {isa = PBXBuildFile; fileRef = E86940331D19F97100192CBB /* Random.cpp */; };
		E869403B1D19F97100192CBB /* Regex.cpp in Sources */ = {isa = PBXBuildFile; fileRef = E86940351D19F97100192CBB /* Regex.cpp */; };
		E869403C1D19F97100192CBB /* StringElements.cpp in Sources */ = {isa = PBXBuildFile; fileRef = E86940371D19F97100192CBB /* StringElements.cpp */; };
		E86940431D19F9F400192CBB /* ArgumentParser.cpp in Sources */ = {isa = PBXBuildFile; fileRef = E86940301D19F97100192CBB /* ArgumentParser.cpp */; };
		E86940441D19F9F400192CBB /* Random.cpp in Sources */ = {isa = PBXBuildFile; fileRef = E86940331D19F97100192CBB /* Random.cpp */; };
		E86940451D19F9F400192CBB /* StringElements.cpp in Sources */ = {isa = PBXBuildFile; fileRef = E86940371D19F97100192CBB /* StringElements.cpp */; };
		E86940621D2A66B900192CBB /* DatabaseConnection.cpp in Sources */ = {isa = PBXBuildFile; fileRef = E869405D1D2A66B900192CBB /* DatabaseConnection.cpp */; };
		E86940631D2A66B900192CBB /* Uuid.cpp in Sources */ = {isa = PBXBuildFile; fileRef = E86940601D2A66B900192CBB /* Uuid.cpp */; };
		E86940641D2A66ED00192CBB /* DatabaseConnection.cpp in Sources */ = {isa = PBXBuildFile; fileRef = E869405D1D2A66B900192CBB /* DatabaseConnection.cpp */; };
		E86940651D2A66ED00192CBB /* Uuid.cpp in Sources */ = {isa = PBXBuildFile; fileRef = E86940601D2A66B900192CBB /* Uuid.cpp */; };
		E86940661D2A66ED00192CBB /* Regex.cpp in Sources */ = {isa = PBXBuildFile; fileRef = E86940351D19F97100192CBB /* Regex.cpp */; };
		E87F364D1C4CF2AF00970869 /* SecureSocket.cpp in Sources */ = {isa = PBXBuildFile; fileRef = E87F364B1C4CF2AF00970869 /* SecureSocket.cpp */; };
		E87F36511C4CFF1B00970869 /* SecureSocket.cpp in Sources */ = {isa = PBXBuildFile; fileRef = E87F364B1C4CF2AF00970869 /* SecureSocket.cpp */; };
		E882FE821BD5312600E1C8C7 /* oslayer.h in CopyFiles */ = {isa = PBXBuildFile; fileRef = E882FE811BD5312600E1C8C7 /* oslayer.h */; };
		E882FE841BD5312600E1C8C7 /* oslayer.mm in Sources */ = {isa = PBXBuildFile; fileRef = E882FE831BD5312600E1C8C7 /* oslayer.mm */; };
		E882FE8E1BD5315300E1C8C7 /* os.cpp in Sources */ = {isa = PBXBuildFile; fileRef = E882FE8A1BD5315300E1C8C7 /* os.cpp */; };
		E882FE8F1BD5315300E1C8C7 /* Text.cpp in Sources */ = {isa = PBXBuildFile; fileRef = E882FE8C1BD5315300E1C8C7 /* Text.cpp */; };
		E8848EAD1E55F14A00FFA522 /* Selector.cpp in Sources */ = {isa = PBXBuildFile; fileRef = E8848EAB1E55F14A00FFA522 /* Selector.cpp */; };
		E8848EAE1E55F14A00FFA522 /* Selector.cpp in Sources */ = {isa = PBXBuildFile; fileRef = E8848EAB1E55F14A00FFA522 /* Selector.cpp */; };
		E8848EFD1E6F739B00FFA522 /* Tree.cpp in Sources */ = {isa = PBXBuildFile; fileRef = E8848EFB1E6F739B00FFA522 /* Tree.cpp */; };
		E8848F021E6F741400FFA522 /* Tree.cpp in Sources */ = {isa = PBXBuildFile; fileRef = E8848EFB1E6F739B00FFA522 /* Tree.cpp */; };
		E88A80021CB4453F00241D44 /* FileStream.cpp in Sources */ = {isa = PBXBuildFile; fileRef = E88A7FF91CB4453F00241D44 /* FileStream.cpp */; };
		E88A80031CB4453F00241D44 /* FileStream.cpp in Sources */ = {isa = PBXBuildFile; fileRef = E88A7FF91CB4453F00241D44 /* FileStream.cpp */; };
		E88A80041CB4453F00241D44 /* TaskThreadPool.cpp in Sources */ = {isa = PBXBuildFile; fileRef = E88A7FFE1CB4453F00241D44 /* TaskThreadPool.cpp */; };
		E88A80051CB4453F00241D44 /* TaskThreadPool.cpp in Sources */ = {isa = PBXBuildFile; fileRef = E88A7FFE1CB4453F00241D44 /* TaskThreadPool.cpp */; };
		E88A80061CB4453F00241D44 /* Timer.cpp in Sources */ = {isa = PBXBuildFile; fileRef = E88A80001CB4453F00241D44 /* Timer.cpp */; };
		E88A80071CB4453F00241D44 /* Timer.cpp in Sources */ = {isa = PBXBuildFile; fileRef = E88A80001CB4453F00241D44 /* Timer.cpp */; };
		E89501331C109924009434B1 /* Properties.cpp in Sources */ = {isa = PBXBuildFile; fileRef = E895012F1C109924009434B1 /* Properties.cpp */; };
		E895013D1C1101C1009434B1 /* Properties.cpp in Sources */ = {isa = PBXBuildFile; fileRef = E895012F1C109924009434B1 /* Properties.cpp */; };
		E89501421C146379009434B1 /* Socket.cpp in Sources */ = {isa = PBXBuildFile; fileRef = E89501401C146379009434B1 /* Socket.cpp */; };
		E895014C1C146400009434B1 /* Socket.cpp in Sources */ = {isa = PBXBuildFile; fileRef = E89501401C146379009434B1 /* Socket.cpp */; };
		E8AC4F631C89C0B600504E50 /* Base64.cpp in Sources */ = {isa = PBXBuildFile; fileRef = E8AC4F5F1C89C0B600504E50 /* Base64.cpp */; };
		E8AC4F641C89C0B600504E50 /* Base64.cpp in Sources */ = {isa = PBXBuildFile; fileRef = E8AC4F5F1C89C0B600504E50 /* Base64.cpp */; };
		E8AC4F801C9569CE00504E50 /* Process.cpp in Sources */ = {isa = PBXBuildFile; fileRef = E8AC4F7E1C9569CE00504E50 /* Process.cpp */; };
		E8AC4F811C9569CE00504E50 /* Process.cpp in Sources */ = {isa = PBXBuildFile; fileRef = E8AC4F7E1C9569CE00504E50 /* Process.cpp */; };
		E8B161421BFDF8DA002D68C7 /* ThreadPool.cpp in Sources */ = {isa = PBXBuildFile; fileRef = E8B1613E1BFDF8DA002D68C7 /* ThreadPool.cpp */; };
		E8B161431BFDF8DA002D68C7 /* ThreadPool.cpp in Sources */ = {isa = PBXBuildFile; fileRef = E8B1613E1BFDF8DA002D68C7 /* ThreadPool.cpp */; };
		E8B161601C0054D4002D68C7 /* AutoRef.cpp in Sources */ = {isa = PBXBuildFile; fileRef = E8B1615E1C0054D4002D68C7 /* AutoRef.cpp */; };
		E8B161611C0054D4002D68C7 /* AutoRef.cpp in Sources */ = {isa = PBXBuildFile; fileRef = E8B1615E1C0054D4002D68C7 /* AutoRef.cpp */; };
		E8C1D42D1E9EECD900AA8905 /* Endian.cpp in Sources */ = {isa = PBXBuildFile; fileRef = E8C1D4271E9EECD900AA8905 /* Endian.cpp */; };
		E8C1D42E1E9EECD900AA8905 /* Endian.cpp in Sources */ = {isa = PBXBuildFile; fileRef = E8C1D4271E9EECD900AA8905 /* Endian.cpp */; };
		E8C1D42F1E9EECD900AA8905 /* Event.cpp in Sources */ = {isa = PBXBuildFile; fileRef = E8C1D4291E9EECD900AA8905 /* Event.cpp */; };
		E8C1D4301E9EECD900AA8905 /* Event.cpp in Sources */ = {isa = PBXBuildFile; fileRef = E8C1D4291E9EECD900AA8905 /* Event.cpp */; };
		E8C1D4311E9EECD900AA8905 /* Thread.cpp in Sources */ = {isa = PBXBuildFile; fileRef = E8C1D42B1E9EECD900AA8905 /* Thread.cpp */; };
		E8C1D4321E9EECD900AA8905 /* Thread.cpp in Sources */ = {isa = PBXBuildFile; fileRef = E8C1D42B1E9EECD900AA8905 /* Thread.cpp */; };
		E8DCAB6E1E4202E7005A1372 /* Network.cpp in Sources */ = {isa = PBXBuildFile; fileRef = E8DCAB6A1E4202E7005A1372 /* Network.cpp */; };
		E8DCAB6F1E4202E7005A1372 /* SocketApi.cpp in Sources */ = {isa = PBXBuildFile; fileRef = E8DCAB6C1E4202E7005A1372 /* SocketApi.cpp */; };
		E8DCAB701E420356005A1372 /* Network.cpp in Sources */ = {isa = PBXBuildFile; fileRef = E8DCAB6A1E4202E7005A1372 /* Network.cpp */; };
		E8DCAB711E420356005A1372 /* SocketApi.cpp in Sources */ = {isa = PBXBuildFile; fileRef = E8DCAB6C1E4202E7005A1372 /* SocketApi.cpp */; };
		E8E048FC1C6381B500144731 /* Lisp.cpp in Sources */ = {isa = PBXBuildFile; fileRef = E8E048FA1C6381B500144731 /* Lisp.cpp */; };
		E8E049011C6381E600144731 /* Lisp.cpp in Sources */ = {isa = PBXBuildFile; fileRef = E8E048FA1C6381B500144731 /* Lisp.cpp */; };
		E8FAB2141BD7C36200E89DC5 /* Text.cpp in Sources */ = {isa = PBXBuildFile; fileRef = E882FE8C1BD5315300E1C8C7 /* Text.cpp */; };
		E8FAB2151BD7C36200E89DC5 /* oslayer.mm in Sources */ = {isa = PBXBuildFile; fileRef = E882FE831BD5312600E1C8C7 /* oslayer.mm */; };
		E8FAB2161BD7C36200E89DC5 /* os.cpp in Sources */ = {isa = PBXBuildFile; fileRef = E882FE8A1BD5315300E1C8C7 /* os.cpp */; };
		E8FAB21A1BD7C36200E89DC5 /* oslayer.h in CopyFiles */ = {isa = PBXBuildFile; fileRef = E882FE811BD5312600E1C8C7 /* oslayer.h */; };
/* End PBXBuildFile section */

/* Begin PBXCopyFilesBuildPhase section */
		E882FE7C1BD5312600E1C8C7 /* CopyFiles */ = {
			isa = PBXCopyFilesBuildPhase;
			buildActionMask = 2147483647;
			dstPath = "include/$(PRODUCT_NAME)";
			dstSubfolderSpec = 16;
			files = (
				E882FE821BD5312600E1C8C7 /* oslayer.h in CopyFiles */,
			);
			runOnlyForDeploymentPostprocessing = 0;
		};
		E8FAB2191BD7C36200E89DC5 /* CopyFiles */ = {
			isa = PBXCopyFilesBuildPhase;
			buildActionMask = 2147483647;
			dstPath = "include/$(PRODUCT_NAME)";
			dstSubfolderSpec = 16;
			files = (
				E8FAB21A1BD7C36200E89DC5 /* oslayer.h in CopyFiles */,
			);
			runOnlyForDeploymentPostprocessing = 0;
		};
/* End PBXCopyFilesBuildPhase section */

/* Begin PBXFileReference section */
		6C4A9F4B1C0BEE7800A45604 /* Utils.hpp */ = {isa = PBXFileReference; fileEncoding = 4; lastKnownFileType = sourcecode.cpp.h; name = Utils.hpp; path = ../../liboslayer/Utils.hpp; sourceTree = "<group>"; };
		6C59ABEB1C76CCD900F814A4 /* XmlParser.hpp */ = {isa = PBXFileReference; fileEncoding = 4; lastKnownFileType = sourcecode.cpp.h; name = XmlParser.hpp; path = ../../liboslayer/XmlParser.hpp; sourceTree = "<group>"; };
		6C9FC7471C1168CD00B292B8 /* DatagramSocket.cpp */ = {isa = PBXFileReference; fileEncoding = 4; lastKnownFileType = sourcecode.cpp.cpp; name = DatagramSocket.cpp; path = ../../liboslayer/DatagramSocket.cpp; sourceTree = "<group>"; };
		6C9FC7481C1168CD00B292B8 /* DatagramSocket.hpp */ = {isa = PBXFileReference; fileEncoding = 4; lastKnownFileType = sourcecode.cpp.h; name = DatagramSocket.hpp; path = ../../liboslayer/DatagramSocket.hpp; sourceTree = "<group>"; };
		E815B9E11EBD4F0E001E8E22 /* AutoLock.cpp */ = {isa = PBXFileReference; fileEncoding = 4; lastKnownFileType = sourcecode.cpp.cpp; name = AutoLock.cpp; path = ../../liboslayer/AutoLock.cpp; sourceTree = "<group>"; };
		E815B9E21EBD4F0E001E8E22 /* AutoLock.hpp */ = {isa = PBXFileReference; fileEncoding = 4; lastKnownFileType = sourcecode.cpp.h; name = AutoLock.hpp; path = ../../liboslayer/AutoLock.hpp; sourceTree = "<group>"; };
		E815B9E31EBD4F0E001E8E22 /* Mutex.cpp */ = {isa = PBXFileReference; fileEncoding = 4; lastKnownFileType = sourcecode.cpp.cpp; name = Mutex.cpp; path = ../../liboslayer/Mutex.cpp; sourceTree = "<group>"; };
		E815B9E41EBD4F0E001E8E22 /* Mutex.hpp */ = {isa = PBXFileReference; fileEncoding = 4; lastKnownFileType = sourcecode.cpp.h; name = Mutex.hpp; path = ../../liboslayer/Mutex.hpp; sourceTree = "<group>"; };
		E815B9E51EBD4F0E001E8E22 /* Semaphore.cpp */ = {isa = PBXFileReference; fileEncoding = 4; lastKnownFileType = sourcecode.cpp.cpp; name = Semaphore.cpp; path = ../../liboslayer/Semaphore.cpp; sourceTree = "<group>"; };
		E815B9E61EBD4F0E001E8E22 /* Semaphore.hpp */ = {isa = PBXFileReference; fileEncoding = 4; lastKnownFileType = sourcecode.cpp.h; name = Semaphore.hpp; path = ../../liboslayer/Semaphore.hpp; sourceTree = "<group>"; };
		E81F60A21E8DCF260082D294 /* ByteArray.cpp */ = {isa = PBXFileReference; fileEncoding = 4; lastKnownFileType = sourcecode.cpp.cpp; name = ByteArray.cpp; path = ../../liboslayer/ByteArray.cpp; sourceTree = "<group>"; };
		E81F60A31E8DCF260082D294 /* ByteArray.hpp */ = {isa = PBXFileReference; fileEncoding = 4; lastKnownFileType = sourcecode.cpp.h; name = ByteArray.hpp; path = ../../liboslayer/ByteArray.hpp; sourceTree = "<group>"; };
		E81F60A41E8DCF260082D294 /* Ref.hpp */ = {isa = PBXFileReference; fileEncoding = 4; lastKnownFileType = sourcecode.cpp.h; name = Ref.hpp; path = ../../liboslayer/Ref.hpp; sourceTree = "<group>"; };
		E81FE3971CC78532003D3F15 /* CountDownLatch.cpp */ = {isa = PBXFileReference; fileEncoding = 4; lastKnownFileType = sourcecode.cpp.cpp; name = CountDownLatch.cpp; path = ../../liboslayer/CountDownLatch.cpp; sourceTree = "<group>"; };
		E81FE3981CC78532003D3F15 /* CountDownLatch.hpp */ = {isa = PBXFileReference; fileEncoding = 4; lastKnownFileType = sourcecode.cpp.h; name = CountDownLatch.hpp; path = ../../liboslayer/CountDownLatch.hpp; sourceTree = "<group>"; };
		E81FE3991CC78532003D3F15 /* Observer.cpp */ = {isa = PBXFileReference; fileEncoding = 4; lastKnownFileType = sourcecode.cpp.cpp; name = Observer.cpp; path = ../../liboslayer/Observer.cpp; sourceTree = "<group>"; };
		E81FE39A1CC78532003D3F15 /* Observer.hpp */ = {isa = PBXFileReference; fileEncoding = 4; lastKnownFileType = sourcecode.cpp.h; name = Observer.hpp; path = ../../liboslayer/Observer.hpp; sourceTree = "<group>"; };
		E81FE39B1CC78532003D3F15 /* PropertyMap.hpp */ = {isa = PBXFileReference; fileEncoding = 4; lastKnownFileType = sourcecode.cpp.h; name = PropertyMap.hpp; path = ../../liboslayer/PropertyMap.hpp; sourceTree = "<group>"; };
		E81FE39C1CC78532003D3F15 /* TestSuite.cpp */ = {isa = PBXFileReference; fileEncoding = 4; lastKnownFileType = sourcecode.cpp.cpp; name = TestSuite.cpp; path = ../../liboslayer/TestSuite.cpp; sourceTree = "<group>"; };
		E81FE39D1CC78532003D3F15 /* TestSuite.hpp */ = {isa = PBXFileReference; fileEncoding = 4; lastKnownFileType = sourcecode.cpp.h; name = TestSuite.hpp; path = ../../liboslayer/TestSuite.hpp; sourceTree = "<group>"; };
		E824CD741DB6CEFE00EA2518 /* Date.cpp */ = {isa = PBXFileReference; fileEncoding = 4; lastKnownFileType = sourcecode.cpp.cpp; name = Date.cpp; path = ../../liboslayer/Date.cpp; sourceTree = "<group>"; };
		E824CD751DB6CEFE00EA2518 /* Date.hpp */ = {isa = PBXFileReference; fileEncoding = 4; lastKnownFileType = sourcecode.cpp.h; name = Date.hpp; path = ../../liboslayer/Date.hpp; sourceTree = "<group>"; };
		E824CD761DB6CEFE00EA2518 /* File.cpp */ = {isa = PBXFileReference; fileEncoding = 4; lastKnownFileType = sourcecode.cpp.cpp; name = File.cpp; path = ../../liboslayer/File.cpp; sourceTree = "<group>"; };
		E824CD771DB6CEFE00EA2518 /* File.hpp */ = {isa = PBXFileReference; fileEncoding = 4; lastKnownFileType = sourcecode.cpp.h; name = File.hpp; path = ../../liboslayer/File.hpp; sourceTree = "<group>"; };
		E824CD781DB6CEFE00EA2518 /* Library.cpp */ = {isa = PBXFileReference; fileEncoding = 4; lastKnownFileType = sourcecode.cpp.cpp; name = Library.cpp; path = ../../liboslayer/Library.cpp; sourceTree = "<group>"; };
		E824CD791DB6CEFE00EA2518 /* Library.hpp */ = {isa = PBXFileReference; fileEncoding = 4; lastKnownFileType = sourcecode.cpp.h; name = Library.hpp; path = ../../liboslayer/Library.hpp; sourceTree = "<group>"; };
		E846C7841F0E753200F7EA38 /* DatabaseDriver.cpp */ = {isa = PBXFileReference; fileEncoding = 4; lastKnownFileType = sourcecode.cpp.cpp; name = DatabaseDriver.cpp; path = ../../liboslayer/DatabaseDriver.cpp; sourceTree = "<group>"; };
		E846C7851F0E753200F7EA38 /* DatabaseDriver.hpp */ = {isa = PBXFileReference; fileEncoding = 4; lastKnownFileType = sourcecode.cpp.h; name = DatabaseDriver.hpp; path = ../../liboslayer/DatabaseDriver.hpp; sourceTree = "<group>"; };
		E846C7861F0E753200F7EA38 /* Uri.cpp */ = {isa = PBXFileReference; fileEncoding = 4; lastKnownFileType = sourcecode.cpp.cpp; name = Uri.cpp; path = ../../liboslayer/Uri.cpp; sourceTree = "<group>"; };
		E846C7871F0E753200F7EA38 /* Uri.hpp */ = {isa = PBXFileReference; fileEncoding = 4; lastKnownFileType = sourcecode.cpp.h; name = Uri.hpp; path = ../../liboslayer/Uri.hpp; sourceTree = "<group>"; };
		E84737DC1C1D387F008350CD /* platform.hpp */ = {isa = PBXFileReference; fileEncoding = 4; lastKnownFileType = sourcecode.cpp.h; name = platform.hpp; path = ../../liboslayer/platform.hpp; sourceTree = "<group>"; };
		E84DE9A41D901A2100EE539A /* Condition.hpp */ = {isa = PBXFileReference; fileEncoding = 4; lastKnownFileType = sourcecode.cpp.h; name = Condition.hpp; path = ../../liboslayer/Condition.hpp; sourceTree = "<group>"; };
		E85690101D560E9100F7517B /* Heap.hpp */ = {isa = PBXFileReference; fileEncoding = 4; lastKnownFileType = sourcecode.cpp.h; name = Heap.hpp; path = ../../liboslayer/Heap.hpp; sourceTree = "<group>"; };
		E857BB691BECD09800D2022F /* Logger.cpp */ = {isa = PBXFileReference; fileEncoding = 4; lastKnownFileType = sourcecode.cpp.cpp; name = Logger.cpp; path = ../../liboslayer/Logger.cpp; sourceTree = "<group>"; };
		E857BB6A1BECD09800D2022F /* Logger.hpp */ = {isa = PBXFileReference; fileEncoding = 4; lastKnownFileType = sourcecode.cpp.h; name = Logger.hpp; path = ../../liboslayer/Logger.hpp; sourceTree = "<group>"; };
		E86940301D19F97100192CBB /* ArgumentParser.cpp */ = {isa = PBXFileReference; fileEncoding = 4; lastKnownFileType = sourcecode.cpp.cpp; name = ArgumentParser.cpp; path = ../../liboslayer/ArgumentParser.cpp; sourceTree = "<group>"; };
		E86940311D19F97100192CBB /* ArgumentParser.hpp */ = {isa = PBXFileReference; fileEncoding = 4; lastKnownFileType = sourcecode.cpp.h; name = ArgumentParser.hpp; path = ../../liboslayer/ArgumentParser.hpp; sourceTree = "<group>"; };
		E86940321D19F97100192CBB /* Iterator.hpp */ = {isa = PBXFileReference; fileEncoding = 4; lastKnownFileType = sourcecode.cpp.h; name = Iterator.hpp; path = ../../liboslayer/Iterator.hpp; sourceTree = "<group>"; };
		E86940331D19F97100192CBB /* Random.cpp */ = {isa = PBXFileReference; fileEncoding = 4; lastKnownFileType = sourcecode.cpp.cpp; name = Random.cpp; path = ../../liboslayer/Random.cpp; sourceTree = "<group>"; };
		E86940341D19F97100192CBB /* Random.hpp */ = {isa = PBXFileReference; fileEncoding = 4; lastKnownFileType = sourcecode.cpp.h; name = Random.hpp; path = ../../liboslayer/Random.hpp; sourceTree = "<group>"; };
		E86940351D19F97100192CBB /* Regex.cpp */ = {isa = PBXFileReference; fileEncoding = 4; lastKnownFileType = sourcecode.cpp.cpp; name = Regex.cpp; path = ../../liboslayer/Regex.cpp; sourceTree = "<group>"; };
		E86940361D19F97100192CBB /* Regex.hpp */ = {isa = PBXFileReference; fileEncoding = 4; lastKnownFileType = sourcecode.cpp.h; name = Regex.hpp; path = ../../liboslayer/Regex.hpp; sourceTree = "<group>"; };
		E86940371D19F97100192CBB /* StringElements.cpp */ = {isa = PBXFileReference; fileEncoding = 4; lastKnownFileType = sourcecode.cpp.cpp; name = StringElements.cpp; path = ../../liboslayer/StringElements.cpp; sourceTree = "<group>"; };
		E86940381D19F97100192CBB /* StringElements.hpp */ = {isa = PBXFileReference; fileEncoding = 4; lastKnownFileType = sourcecode.cpp.h; name = StringElements.hpp; path = ../../liboslayer/StringElements.hpp; sourceTree = "<group>"; };
		E869405D1D2A66B900192CBB /* DatabaseConnection.cpp */ = {isa = PBXFileReference; fileEncoding = 4; lastKnownFileType = sourcecode.cpp.cpp; name = DatabaseConnection.cpp; path = ../../liboslayer/DatabaseConnection.cpp; sourceTree = "<group>"; };
		E869405E1D2A66B900192CBB /* DatabaseConnection.hpp */ = {isa = PBXFileReference; fileEncoding = 4; lastKnownFileType = sourcecode.cpp.h; name = DatabaseConnection.hpp; path = ../../liboslayer/DatabaseConnection.hpp; sourceTree = "<group>"; };
		E869405F1D2A66B900192CBB /* Register.hpp */ = {isa = PBXFileReference; fileEncoding = 4; lastKnownFileType = sourcecode.cpp.h; name = Register.hpp; path = ../../liboslayer/Register.hpp; sourceTree = "<group>"; };
		E86940601D2A66B900192CBB /* Uuid.cpp */ = {isa = PBXFileReference; fileEncoding = 4; lastKnownFileType = sourcecode.cpp.cpp; name = Uuid.cpp; path = ../../liboslayer/Uuid.cpp; sourceTree = "<group>"; };
		E86940611D2A66B900192CBB /* Uuid.hpp */ = {isa = PBXFileReference; fileEncoding = 4; lastKnownFileType = sourcecode.cpp.h; name = Uuid.hpp; path = ../../liboslayer/Uuid.hpp; sourceTree = "<group>"; };
		E87F364B1C4CF2AF00970869 /* SecureSocket.cpp */ = {isa = PBXFileReference; fileEncoding = 4; lastKnownFileType = sourcecode.cpp.cpp; name = SecureSocket.cpp; path = ../../liboslayer/SecureSocket.cpp; sourceTree = "<group>"; };
		E87F364C1C4CF2AF00970869 /* SecureSocket.hpp */ = {isa = PBXFileReference; fileEncoding = 4; lastKnownFileType = sourcecode.cpp.h; name = SecureSocket.hpp; path = ../../liboslayer/SecureSocket.hpp; sourceTree = "<group>"; };
		E882FE7E1BD5312600E1C8C7 /* liboslayer.a */ = {isa = PBXFileReference; explicitFileType = archive.ar; includeInIndex = 0; path = liboslayer.a; sourceTree = BUILT_PRODUCTS_DIR; };
		E882FE811BD5312600E1C8C7 /* oslayer.h */ = {isa = PBXFileReference; lastKnownFileType = sourcecode.c.h; path = oslayer.h; sourceTree = "<group>"; };
		E882FE831BD5312600E1C8C7 /* oslayer.mm */ = {isa = PBXFileReference; lastKnownFileType = sourcecode.cpp.objcpp; path = oslayer.mm; sourceTree = "<group>"; };
		E882FE8A1BD5315300E1C8C7 /* os.cpp */ = {isa = PBXFileReference; fileEncoding = 4; lastKnownFileType = sourcecode.cpp.cpp; name = os.cpp; path = ../../liboslayer/os.cpp; sourceTree = "<group>"; };
		E882FE8B1BD5315300E1C8C7 /* os.hpp */ = {isa = PBXFileReference; fileEncoding = 4; lastKnownFileType = sourcecode.cpp.h; name = os.hpp; path = ../../liboslayer/os.hpp; sourceTree = "<group>"; };
		E882FE8C1BD5315300E1C8C7 /* Text.cpp */ = {isa = PBXFileReference; fileEncoding = 4; lastKnownFileType = sourcecode.cpp.cpp; name = Text.cpp; path = ../../liboslayer/Text.cpp; sourceTree = "<group>"; };
		E882FE8D1BD5315300E1C8C7 /* Text.hpp */ = {isa = PBXFileReference; fileEncoding = 4; lastKnownFileType = sourcecode.cpp.h; name = Text.hpp; path = ../../liboslayer/Text.hpp; sourceTree = "<group>"; };
		E8848EAB1E55F14A00FFA522 /* Selector.cpp */ = {isa = PBXFileReference; fileEncoding = 4; lastKnownFileType = sourcecode.cpp.cpp; name = Selector.cpp; path = ../../liboslayer/Selector.cpp; sourceTree = "<group>"; };
		E8848EAC1E55F14A00FFA522 /* Selector.hpp */ = {isa = PBXFileReference; fileEncoding = 4; lastKnownFileType = sourcecode.cpp.h; name = Selector.hpp; path = ../../liboslayer/Selector.hpp; sourceTree = "<group>"; };
		E8848EFB1E6F739B00FFA522 /* Tree.cpp */ = {isa = PBXFileReference; fileEncoding = 4; lastKnownFileType = sourcecode.cpp.cpp; name = Tree.cpp; path = ../../liboslayer/Tree.cpp; sourceTree = "<group>"; };
		E8848EFC1E6F739B00FFA522 /* Tree.hpp */ = {isa = PBXFileReference; fileEncoding = 4; lastKnownFileType = sourcecode.cpp.h; name = Tree.hpp; path = ../../liboslayer/Tree.hpp; sourceTree = "<group>"; };
		E88A7FF91CB4453F00241D44 /* FileStream.cpp */ = {isa = PBXFileReference; fileEncoding = 4; lastKnownFileType = sourcecode.cpp.cpp; name = FileStream.cpp; path = ../../liboslayer/FileStream.cpp; sourceTree = "<group>"; };
		E88A7FFA1CB4453F00241D44 /* FileStream.hpp */ = {isa = PBXFileReference; fileEncoding = 4; lastKnownFileType = sourcecode.cpp.h; name = FileStream.hpp; path = ../../liboslayer/FileStream.hpp; sourceTree = "<group>"; };
		E88A7FFB1CB4453F00241D44 /* MessageQueue.hpp */ = {isa = PBXFileReference; fileEncoding = 4; lastKnownFileType = sourcecode.cpp.h; name = MessageQueue.hpp; path = ../../liboslayer/MessageQueue.hpp; sourceTree = "<group>"; };
		E88A7FFC1CB4453F00241D44 /* Object.hpp */ = {isa = PBXFileReference; fileEncoding = 4; lastKnownFileType = sourcecode.cpp.h; name = Object.hpp; path = ../../liboslayer/Object.hpp; sourceTree = "<group>"; };
		E88A7FFD1CB4453F00241D44 /* Task.hpp */ = {isa = PBXFileReference; fileEncoding = 4; lastKnownFileType = sourcecode.cpp.h; name = Task.hpp; path = ../../liboslayer/Task.hpp; sourceTree = "<group>"; };
		E88A7FFE1CB4453F00241D44 /* TaskThreadPool.cpp */ = {isa = PBXFileReference; fileEncoding = 4; lastKnownFileType = sourcecode.cpp.cpp; name = TaskThreadPool.cpp; path = ../../liboslayer/TaskThreadPool.cpp; sourceTree = "<group>"; };
		E88A7FFF1CB4453F00241D44 /* TaskThreadPool.hpp */ = {isa = PBXFileReference; fileEncoding = 4; lastKnownFileType = sourcecode.cpp.h; name = TaskThreadPool.hpp; path = ../../liboslayer/TaskThreadPool.hpp; sourceTree = "<group>"; };
		E88A80001CB4453F00241D44 /* Timer.cpp */ = {isa = PBXFileReference; fileEncoding = 4; lastKnownFileType = sourcecode.cpp.cpp; name = Timer.cpp; path = ../../liboslayer/Timer.cpp; sourceTree = "<group>"; };
		E88A80011CB4453F00241D44 /* Timer.hpp */ = {isa = PBXFileReference; fileEncoding = 4; lastKnownFileType = sourcecode.cpp.h; name = Timer.hpp; path = ../../liboslayer/Timer.hpp; sourceTree = "<group>"; };
		E895012E1C109924009434B1 /* AutoRelease.hpp */ = {isa = PBXFileReference; fileEncoding = 4; lastKnownFileType = sourcecode.cpp.h; name = AutoRelease.hpp; path = ../../liboslayer/AutoRelease.hpp; sourceTree = "<group>"; };
		E895012F1C109924009434B1 /* Properties.cpp */ = {isa = PBXFileReference; fileEncoding = 4; lastKnownFileType = sourcecode.cpp.cpp; name = Properties.cpp; path = ../../liboslayer/Properties.cpp; sourceTree = "<group>"; };
		E89501301C109924009434B1 /* Properties.hpp */ = {isa = PBXFileReference; fileEncoding = 4; lastKnownFileType = sourcecode.cpp.h; name = Properties.hpp; path = ../../liboslayer/Properties.hpp; sourceTree = "<group>"; };
		E89501401C146379009434B1 /* Socket.cpp */ = {isa = PBXFileReference; fileEncoding = 4; lastKnownFileType = sourcecode.cpp.cpp; name = Socket.cpp; path = ../../liboslayer/Socket.cpp; sourceTree = "<group>"; };
		E89501411C146379009434B1 /* Socket.hpp */ = {isa = PBXFileReference; fileEncoding = 4; lastKnownFileType = sourcecode.cpp.h; name = Socket.hpp; path = ../../liboslayer/Socket.hpp; sourceTree = "<group>"; };
		E89C52D11DA7CE91001F2321 /* Lifetime.hpp */ = {isa = PBXFileReference; fileEncoding = 4; lastKnownFileType = sourcecode.cpp.h; name = Lifetime.hpp; path = ../../liboslayer/Lifetime.hpp; sourceTree = "<group>"; };
		E8AC4F5F1C89C0B600504E50 /* Base64.cpp */ = {isa = PBXFileReference; fileEncoding = 4; lastKnownFileType = sourcecode.cpp.cpp; name = Base64.cpp; path = ../../liboslayer/Base64.cpp; sourceTree = "<group>"; };
		E8AC4F601C89C0B600504E50 /* Base64.hpp */ = {isa = PBXFileReference; fileEncoding = 4; lastKnownFileType = sourcecode.cpp.h; name = Base64.hpp; path = ../../liboslayer/Base64.hpp; sourceTree = "<group>"; };
		E8AC4F611C89C0B600504E50 /* Hash.hpp */ = {isa = PBXFileReference; fileEncoding = 4; lastKnownFileType = sourcecode.cpp.h; name = Hash.hpp; path = ../../liboslayer/Hash.hpp; sourceTree = "<group>"; };
		E8AC4F621C89C0B600504E50 /* XmlEncoderDecoder.hpp */ = {isa = PBXFileReference; fileEncoding = 4; lastKnownFileType = sourcecode.cpp.h; name = XmlEncoderDecoder.hpp; path = ../../liboslayer/XmlEncoderDecoder.hpp; sourceTree = "<group>"; };
		E8AC4F7E1C9569CE00504E50 /* Process.cpp */ = {isa = PBXFileReference; fileEncoding = 4; lastKnownFileType = sourcecode.cpp.cpp; name = Process.cpp; path = ../../liboslayer/Process.cpp; sourceTree = "<group>"; };
		E8AC4F7F1C9569CE00504E50 /* Process.hpp */ = {isa = PBXFileReference; fileEncoding = 4; lastKnownFileType = sourcecode.cpp.h; name = Process.hpp; path = ../../liboslayer/Process.hpp; sourceTree = "<group>"; };
		E8B1613E1BFDF8DA002D68C7 /* ThreadPool.cpp */ = {isa = PBXFileReference; fileEncoding = 4; lastKnownFileType = sourcecode.cpp.cpp; name = ThreadPool.cpp; path = ../../liboslayer/ThreadPool.cpp; sourceTree = "<group>"; };
		E8B1613F1BFDF8DA002D68C7 /* ThreadPool.hpp */ = {isa = PBXFileReference; fileEncoding = 4; lastKnownFileType = sourcecode.cpp.h; name = ThreadPool.hpp; path = ../../liboslayer/ThreadPool.hpp; sourceTree = "<group>"; };
		E8B1615E1C0054D4002D68C7 /* AutoRef.cpp */ = {isa = PBXFileReference; fileEncoding = 4; lastKnownFileType = sourcecode.cpp.cpp; name = AutoRef.cpp; path = ../../liboslayer/AutoRef.cpp; sourceTree = "<group>"; };
		E8B1615F1C0054D4002D68C7 /* AutoRef.hpp */ = {isa = PBXFileReference; fileEncoding = 4; lastKnownFileType = sourcecode.cpp.h; name = AutoRef.hpp; path = ../../liboslayer/AutoRef.hpp; sourceTree = "<group>"; };
		E8B4F3791EC289DF0092FB74 /* Pool.hpp */ = {isa = PBXFileReference; fileEncoding = 4; lastKnownFileType = sourcecode.cpp.h; name = Pool.hpp; path = ../../liboslayer/Pool.hpp; sourceTree = "<group>"; };
		E8C1D4271E9EECD900AA8905 /* Endian.cpp */ = {isa = PBXFileReference; fileEncoding = 4; lastKnownFileType = sourcecode.cpp.cpp; name = Endian.cpp; path = ../../liboslayer/Endian.cpp; sourceTree = "<group>"; };
		E8C1D4281E9EECD900AA8905 /* Endian.hpp */ = {isa = PBXFileReference; fileEncoding = 4; lastKnownFileType = sourcecode.cpp.h; name = Endian.hpp; path = ../../liboslayer/Endian.hpp; sourceTree = "<group>"; };
		E8C1D4291E9EECD900AA8905 /* Event.cpp */ = {isa = PBXFileReference; fileEncoding = 4; lastKnownFileType = sourcecode.cpp.cpp; name = Event.cpp; path = ../../liboslayer/Event.cpp; sourceTree = "<group>"; };
		E8C1D42A1E9EECD900AA8905 /* Event.hpp */ = {isa = PBXFileReference; fileEncoding = 4; lastKnownFileType = sourcecode.cpp.h; name = Event.hpp; path = ../../liboslayer/Event.hpp; sourceTree = "<group>"; };
		E8C1D42B1E9EECD900AA8905 /* Thread.cpp */ = {isa = PBXFileReference; fileEncoding = 4; lastKnownFileType = sourcecode.cpp.cpp; name = Thread.cpp; path = ../../liboslayer/Thread.cpp; sourceTree = "<group>"; };
		E8C1D42C1E9EECD900AA8905 /* Thread.hpp */ = {isa = PBXFileReference; fileEncoding = 4; lastKnownFileType = sourcecode.cpp.h; name = Thread.hpp; path = ../../liboslayer/Thread.hpp; sourceTree = "<group>"; };
		E8DCAB6A1E4202E7005A1372 /* Network.cpp */ = {isa = PBXFileReference; fileEncoding = 4; lastKnownFileType = sourcecode.cpp.cpp; name = Network.cpp; path = ../../liboslayer/Network.cpp; sourceTree = "<group>"; };
		E8DCAB6B1E4202E7005A1372 /* Network.hpp */ = {isa = PBXFileReference; fileEncoding = 4; lastKnownFileType = sourcecode.cpp.h; name = Network.hpp; path = ../../liboslayer/Network.hpp; sourceTree = "<group>"; };
		E8DCAB6C1E4202E7005A1372 /* SocketApi.cpp */ = {isa = PBXFileReference; fileEncoding = 4; lastKnownFileType = sourcecode.cpp.cpp; name = SocketApi.cpp; path = ../../liboslayer/SocketApi.cpp; sourceTree = "<group>"; };
		E8DCAB6D1E4202E7005A1372 /* SocketApi.hpp */ = {isa = PBXFileReference; fileEncoding = 4; lastKnownFileType = sourcecode.cpp.h; name = SocketApi.hpp; path = ../../liboslayer/SocketApi.hpp; sourceTree = "<group>"; };
		E8E048FA1C6381B500144731 /* Lisp.cpp */ = {isa = PBXFileReference; fileEncoding = 4; lastKnownFileType = sourcecode.cpp.cpp; name = Lisp.cpp; path = ../../liboslayer/Lisp.cpp; sourceTree = "<group>"; };
		E8E048FB1C6381B500144731 /* Lisp.hpp */ = {isa = PBXFileReference; fileEncoding = 4; lastKnownFileType = sourcecode.cpp.h; name = Lisp.hpp; path = ../../liboslayer/Lisp.hpp; sourceTree = "<group>"; };
		E8FAB21E1BD7C36200E89DC5 /* liboslayer-cocoa.a */ = {isa = PBXFileReference; explicitFileType = archive.ar; includeInIndex = 0; path = "liboslayer-cocoa.a"; sourceTree = BUILT_PRODUCTS_DIR; };
/* End PBXFileReference section */

/* Begin PBXFrameworksBuildPhase section */
		E882FE7B1BD5312600E1C8C7 /* Frameworks */ = {
			isa = PBXFrameworksBuildPhase;
			buildActionMask = 2147483647;
			files = (
			);
			runOnlyForDeploymentPostprocessing = 0;
		};
		E8FAB2181BD7C36200E89DC5 /* Frameworks */ = {
			isa = PBXFrameworksBuildPhase;
			buildActionMask = 2147483647;
			files = (
			);
			runOnlyForDeploymentPostprocessing = 0;
		};
/* End PBXFrameworksBuildPhase section */

/* Begin PBXGroup section */
		E882FE751BD5312600E1C8C7 = {
			isa = PBXGroup;
			children = (
				E882FEA51BD6872600E1C8C7 /* liboslayer_c++ */,
				E882FE801BD5312600E1C8C7 /* oslayer */,
				E882FE7F1BD5312600E1C8C7 /* Products */,
			);
			sourceTree = "<group>";
		};
		E882FE7F1BD5312600E1C8C7 /* Products */ = {
			isa = PBXGroup;
			children = (
				E882FE7E1BD5312600E1C8C7 /* liboslayer.a */,
				E8FAB21E1BD7C36200E89DC5 /* liboslayer-cocoa.a */,
			);
			name = Products;
			sourceTree = "<group>";
		};
		E882FE801BD5312600E1C8C7 /* oslayer */ = {
			isa = PBXGroup;
			children = (
				E882FE811BD5312600E1C8C7 /* oslayer.h */,
				E882FE831BD5312600E1C8C7 /* oslayer.mm */,
			);
			path = oslayer;
			sourceTree = "<group>";
		};
		E882FEA51BD6872600E1C8C7 /* liboslayer_c++ */ = {
			isa = PBXGroup;
			children = (
				E846C7841F0E753200F7EA38 /* DatabaseDriver.cpp */,
				E846C7851F0E753200F7EA38 /* DatabaseDriver.hpp */,
				E846C7861F0E753200F7EA38 /* Uri.cpp */,
				E846C7871F0E753200F7EA38 /* Uri.hpp */,
				E8B4F3791EC289DF0092FB74 /* Pool.hpp */,
				E815B9E11EBD4F0E001E8E22 /* AutoLock.cpp */,
				E815B9E21EBD4F0E001E8E22 /* AutoLock.hpp */,
				E815B9E31EBD4F0E001E8E22 /* Mutex.cpp */,
				E815B9E41EBD4F0E001E8E22 /* Mutex.hpp */,
				E815B9E51EBD4F0E001E8E22 /* Semaphore.cpp */,
				E815B9E61EBD4F0E001E8E22 /* Semaphore.hpp */,
				E8C1D4271E9EECD900AA8905 /* Endian.cpp */,
				E8C1D4281E9EECD900AA8905 /* Endian.hpp */,
				E8C1D4291E9EECD900AA8905 /* Event.cpp */,
				E8C1D42A1E9EECD900AA8905 /* Event.hpp */,
				E8C1D42B1E9EECD900AA8905 /* Thread.cpp */,
				E8C1D42C1E9EECD900AA8905 /* Thread.hpp */,
				E81F60A21E8DCF260082D294 /* ByteArray.cpp */,
				E81F60A31E8DCF260082D294 /* ByteArray.hpp */,
				E81F60A41E8DCF260082D294 /* Ref.hpp */,
				E8848EFB1E6F739B00FFA522 /* Tree.cpp */,
				E8848EFC1E6F739B00FFA522 /* Tree.hpp */,
				E8848EAB1E55F14A00FFA522 /* Selector.cpp */,
				E8848EAC1E55F14A00FFA522 /* Selector.hpp */,
				E8DCAB6A1E4202E7005A1372 /* Network.cpp */,
				E8DCAB6B1E4202E7005A1372 /* Network.hpp */,
				E8DCAB6C1E4202E7005A1372 /* SocketApi.cpp */,
				E8DCAB6D1E4202E7005A1372 /* SocketApi.hpp */,
				E824CD741DB6CEFE00EA2518 /* Date.cpp */,
				E824CD751DB6CEFE00EA2518 /* Date.hpp */,
				E824CD761DB6CEFE00EA2518 /* File.cpp */,
				E824CD771DB6CEFE00EA2518 /* File.hpp */,
				E824CD781DB6CEFE00EA2518 /* Library.cpp */,
				E824CD791DB6CEFE00EA2518 /* Library.hpp */,
				E89C52D11DA7CE91001F2321 /* Lifetime.hpp */,
				E84DE9A41D901A2100EE539A /* Condition.hpp */,
				E85690101D560E9100F7517B /* Heap.hpp */,
				E869405D1D2A66B900192CBB /* DatabaseConnection.cpp */,
				E869405E1D2A66B900192CBB /* DatabaseConnection.hpp */,
				E869405F1D2A66B900192CBB /* Register.hpp */,
				E86940601D2A66B900192CBB /* Uuid.cpp */,
				E86940611D2A66B900192CBB /* Uuid.hpp */,
				E86940301D19F97100192CBB /* ArgumentParser.cpp */,
				E86940311D19F97100192CBB /* ArgumentParser.hpp */,
				E86940321D19F97100192CBB /* Iterator.hpp */,
				E86940331D19F97100192CBB /* Random.cpp */,
				E86940341D19F97100192CBB /* Random.hpp */,
				E86940351D19F97100192CBB /* Regex.cpp */,
				E86940361D19F97100192CBB /* Regex.hpp */,
				E86940371D19F97100192CBB /* StringElements.cpp */,
				E86940381D19F97100192CBB /* StringElements.hpp */,
				E81FE3971CC78532003D3F15 /* CountDownLatch.cpp */,
				E81FE3981CC78532003D3F15 /* CountDownLatch.hpp */,
				E81FE3991CC78532003D3F15 /* Observer.cpp */,
				E81FE39A1CC78532003D3F15 /* Observer.hpp */,
				E81FE39B1CC78532003D3F15 /* PropertyMap.hpp */,
				E81FE39C1CC78532003D3F15 /* TestSuite.cpp */,
				E81FE39D1CC78532003D3F15 /* TestSuite.hpp */,
				E88A7FF91CB4453F00241D44 /* FileStream.cpp */,
				E88A7FFA1CB4453F00241D44 /* FileStream.hpp */,
				E88A7FFB1CB4453F00241D44 /* MessageQueue.hpp */,
				E88A7FFC1CB4453F00241D44 /* Object.hpp */,
				E88A7FFD1CB4453F00241D44 /* Task.hpp */,
				E88A7FFE1CB4453F00241D44 /* TaskThreadPool.cpp */,
				E88A7FFF1CB4453F00241D44 /* TaskThreadPool.hpp */,
				E88A80001CB4453F00241D44 /* Timer.cpp */,
				E88A80011CB4453F00241D44 /* Timer.hpp */,
				E8AC4F7E1C9569CE00504E50 /* Process.cpp */,
				E8AC4F7F1C9569CE00504E50 /* Process.hpp */,
				E8AC4F5F1C89C0B600504E50 /* Base64.cpp */,
				E8AC4F601C89C0B600504E50 /* Base64.hpp */,
				E8AC4F611C89C0B600504E50 /* Hash.hpp */,
				E8AC4F621C89C0B600504E50 /* XmlEncoderDecoder.hpp */,
				6C59ABEB1C76CCD900F814A4 /* XmlParser.hpp */,
				E895012E1C109924009434B1 /* AutoRelease.hpp */,
				E895012F1C109924009434B1 /* Properties.cpp */,
				E89501301C109924009434B1 /* Properties.hpp */,
				E8B1615E1C0054D4002D68C7 /* AutoRef.cpp */,
				E8B1615F1C0054D4002D68C7 /* AutoRef.hpp */,
				6C9FC7471C1168CD00B292B8 /* DatagramSocket.cpp */,
				6C9FC7481C1168CD00B292B8 /* DatagramSocket.hpp */,
				E8E048FA1C6381B500144731 /* Lisp.cpp */,
				E8E048FB1C6381B500144731 /* Lisp.hpp */,
				E857BB691BECD09800D2022F /* Logger.cpp */,
				E857BB6A1BECD09800D2022F /* Logger.hpp */,
				E882FE8A1BD5315300E1C8C7 /* os.cpp */,
				E882FE8B1BD5315300E1C8C7 /* os.hpp */,
				E84737DC1C1D387F008350CD /* platform.hpp */,
				E87F364B1C4CF2AF00970869 /* SecureSocket.cpp */,
				E87F364C1C4CF2AF00970869 /* SecureSocket.hpp */,
				E89501401C146379009434B1 /* Socket.cpp */,
				E89501411C146379009434B1 /* Socket.hpp */,
				E882FE8C1BD5315300E1C8C7 /* Text.cpp */,
				E882FE8D1BD5315300E1C8C7 /* Text.hpp */,
				E8B1613E1BFDF8DA002D68C7 /* ThreadPool.cpp */,
				E8B1613F1BFDF8DA002D68C7 /* ThreadPool.hpp */,
				6C4A9F4B1C0BEE7800A45604 /* Utils.hpp */,
			);
			name = "liboslayer_c++";
			sourceTree = "<group>";
		};
/* End PBXGroup section */

/* Begin PBXNativeTarget section */
		E882FE7D1BD5312600E1C8C7 /* oslayer */ = {
			isa = PBXNativeTarget;
			buildConfigurationList = E882FE871BD5312600E1C8C7 /* Build configuration list for PBXNativeTarget "oslayer" */;
			buildPhases = (
				E882FE7A1BD5312600E1C8C7 /* Sources */,
				E882FE7B1BD5312600E1C8C7 /* Frameworks */,
				E882FE7C1BD5312600E1C8C7 /* CopyFiles */,
			);
			buildRules = (
			);
			dependencies = (
			);
			name = oslayer;
			productName = oslayer;
			productReference = E882FE7E1BD5312600E1C8C7 /* liboslayer.a */;
			productType = "com.apple.product-type.library.static";
		};
		E8FAB2111BD7C36200E89DC5 /* oslayer-cocoa */ = {
			isa = PBXNativeTarget;
			buildConfigurationList = E8FAB21B1BD7C36200E89DC5 /* Build configuration list for PBXNativeTarget "oslayer-cocoa" */;
			buildPhases = (
				E8FAB2121BD7C36200E89DC5 /* Sources */,
				E8FAB2181BD7C36200E89DC5 /* Frameworks */,
				E8FAB2191BD7C36200E89DC5 /* CopyFiles */,
			);
			buildRules = (
			);
			dependencies = (
			);
			name = "oslayer-cocoa";
			productName = oslayer;
			productReference = E8FAB21E1BD7C36200E89DC5 /* liboslayer-cocoa.a */;
			productType = "com.apple.product-type.library.static";
		};
/* End PBXNativeTarget section */

/* Begin PBXProject section */
		E882FE761BD5312600E1C8C7 /* Project object */ = {
			isa = PBXProject;
			attributes = {
				LastUpgradeCheck = 0810;
				ORGANIZATIONNAME = TJ;
				TargetAttributes = {
					E882FE7D1BD5312600E1C8C7 = {
						CreatedOnToolsVersion = 7.0.1;
					};
				};
			};
			buildConfigurationList = E882FE791BD5312600E1C8C7 /* Build configuration list for PBXProject "oslayer" */;
			compatibilityVersion = "Xcode 3.2";
			developmentRegion = English;
			hasScannedForEncodings = 0;
			knownRegions = (
				en,
			);
			mainGroup = E882FE751BD5312600E1C8C7;
			productRefGroup = E882FE7F1BD5312600E1C8C7 /* Products */;
			projectDirPath = "";
			projectRoot = "";
			targets = (
				E882FE7D1BD5312600E1C8C7 /* oslayer */,
				E8FAB2111BD7C36200E89DC5 /* oslayer-cocoa */,
			);
		};
/* End PBXProject section */

/* Begin PBXSourcesBuildPhase section */
		E882FE7A1BD5312600E1C8C7 /* Sources */ = {
			isa = PBXSourcesBuildPhase;
			buildActionMask = 2147483647;
			files = (
				E869403C1D19F97100192CBB /* StringElements.cpp in Sources */,
				E88A80041CB4453F00241D44 /* TaskThreadPool.cpp in Sources */,
				E81FE3A01CC78532003D3F15 /* Observer.cpp in Sources */,
				E88A80021CB4453F00241D44 /* FileStream.cpp in Sources */,
				E846C7881F0E753200F7EA38 /* DatabaseDriver.cpp in Sources */,
				E857BB6B1BECD09800D2022F /* Logger.cpp in Sources */,
				E8C1D42D1E9EECD900AA8905 /* Endian.cpp in Sources */,
				E8DCAB6E1E4202E7005A1372 /* Network.cpp in Sources */,
				E815B9EB1EBD4F0E001E8E22 /* Semaphore.cpp in Sources */,
				E8AC4F631C89C0B600504E50 /* Base64.cpp in Sources */,
				E89501421C146379009434B1 /* Socket.cpp in Sources */,
				E815B9E71EBD4F0E001E8E22 /* AutoLock.cpp in Sources */,
				E86940621D2A66B900192CBB /* DatabaseConnection.cpp in Sources */,
				E846C78A1F0E753200F7EA38 /* Uri.cpp in Sources */,
				E815B9E91EBD4F0E001E8E22 /* Mutex.cpp in Sources */,
				E824CD7C1DB6CEFE00EA2518 /* File.cpp in Sources */,
				E882FE8F1BD5315300E1C8C7 /* Text.cpp in Sources */,
				E8C1D4311E9EECD900AA8905 /* Thread.cpp in Sources */,
				E8848EAD1E55F14A00FFA522 /* Selector.cpp in Sources */,
				E882FE841BD5312600E1C8C7 /* oslayer.mm in Sources */,
				E8E048FC1C6381B500144731 /* Lisp.cpp in Sources */,
				E89501331C109924009434B1 /* Properties.cpp in Sources */,
				E824CD7D1DB6CEFE00EA2518 /* Library.cpp in Sources */,
				E88A80061CB4453F00241D44 /* Timer.cpp in Sources */,
				E869403A1D19F97100192CBB /* Random.cpp in Sources */,
				E81FE39E1CC78532003D3F15 /* CountDownLatch.cpp in Sources */,
				E8B161601C0054D4002D68C7 /* AutoRef.cpp in Sources */,
				E8DCAB6F1E4202E7005A1372 /* SocketApi.cpp in Sources */,
				E882FE8E1BD5315300E1C8C7 /* os.cpp in Sources */,
				E8848EFD1E6F739B00FFA522 /* Tree.cpp in Sources */,
				E81F60A51E8DCF260082D294 /* ByteArray.cpp in Sources */,
				E86940631D2A66B900192CBB /* Uuid.cpp in Sources */,
				E824CD7B1DB6CEFE00EA2518 /* Date.cpp in Sources */,
				E8AC4F801C9569CE00504E50 /* Process.cpp in Sources */,
				E869403B1D19F97100192CBB /* Regex.cpp in Sources */,
				E86940391D19F97100192CBB /* ArgumentParser.cpp in Sources */,
				E87F364D1C4CF2AF00970869 /* SecureSocket.cpp in Sources */,
				E8B161421BFDF8DA002D68C7 /* ThreadPool.cpp in Sources */,
				6C9FC7491C1168CD00B292B8 /* DatagramSocket.cpp in Sources */,
				E8C1D42F1E9EECD900AA8905 /* Event.cpp in Sources */,
				E81FE3A21CC78532003D3F15 /* TestSuite.cpp in Sources */,
			);
			runOnlyForDeploymentPostprocessing = 0;
		};
		E8FAB2121BD7C36200E89DC5 /* Sources */ = {
			isa = PBXSourcesBuildPhase;
			buildActionMask = 2147483647;
			files = (
				E8848F021E6F741400FFA522 /* Tree.cpp in Sources */,
				E8DCAB701E420356005A1372 /* Network.cpp in Sources */,
				E8DCAB711E420356005A1372 /* SocketApi.cpp in Sources */,
				E824CD7F1DB6CF5600EA2518 /* Date.cpp in Sources */,
				E846C7891F0E753200F7EA38 /* DatabaseDriver.cpp in Sources */,
				E824CD801DB6CF5600EA2518 /* File.cpp in Sources */,
				E824CD811DB6CF5600EA2518 /* Library.cpp in Sources */,
				E8C1D42E1E9EECD900AA8905 /* Endian.cpp in Sources */,
				E815B9EC1EBD4F0E001E8E22 /* Semaphore.cpp in Sources */,
				E86940641D2A66ED00192CBB /* DatabaseConnection.cpp in Sources */,
				E86940651D2A66ED00192CBB /* Uuid.cpp in Sources */,
				E815B9E81EBD4F0E001E8E22 /* AutoLock.cpp in Sources */,
				E86940661D2A66ED00192CBB /* Regex.cpp in Sources */,
				E846C78B1F0E753200F7EA38 /* Uri.cpp in Sources */,
				E815B9EA1EBD4F0E001E8E22 /* Mutex.cpp in Sources */,
				E86940431D19F9F400192CBB /* ArgumentParser.cpp in Sources */,
				E86940441D19F9F400192CBB /* Random.cpp in Sources */,
				E86940451D19F9F400192CBB /* StringElements.cpp in Sources */,
				E8C1D4321E9EECD900AA8905 /* Thread.cpp in Sources */,
				E8848EAE1E55F14A00FFA522 /* Selector.cpp in Sources */,
				E88A80051CB4453F00241D44 /* TaskThreadPool.cpp in Sources */,
				E81FE3A11CC78532003D3F15 /* Observer.cpp in Sources */,
				E8E049011C6381E600144731 /* Lisp.cpp in Sources */,
				E87F36511C4CFF1B00970869 /* SecureSocket.cpp in Sources */,
				E88A80031CB4453F00241D44 /* FileStream.cpp in Sources */,
				E895014C1C146400009434B1 /* Socket.cpp in Sources */,
				E8AC4F641C89C0B600504E50 /* Base64.cpp in Sources */,
				6C9FC74B1C116C7200B292B8 /* DatagramSocket.cpp in Sources */,
				E895013D1C1101C1009434B1 /* Properties.cpp in Sources */,
				E857BB6C1BECD0A500D2022F /* Logger.cpp in Sources */,
				E88A80071CB4453F00241D44 /* Timer.cpp in Sources */,
				E81F60A61E8DCF260082D294 /* ByteArray.cpp in Sources */,
				E81FE39F1CC78532003D3F15 /* CountDownLatch.cpp in Sources */,
				E8FAB2141BD7C36200E89DC5 /* Text.cpp in Sources */,
				E8FAB2151BD7C36200E89DC5 /* oslayer.mm in Sources */,
				E8AC4F811C9569CE00504E50 /* Process.cpp in Sources */,
				E8B161611C0054D4002D68C7 /* AutoRef.cpp in Sources */,
				E8FAB2161BD7C36200E89DC5 /* os.cpp in Sources */,
				E8B161431BFDF8DA002D68C7 /* ThreadPool.cpp in Sources */,
				E8C1D4301E9EECD900AA8905 /* Event.cpp in Sources */,
				E81FE3A31CC78532003D3F15 /* TestSuite.cpp in Sources */,
			);
			runOnlyForDeploymentPostprocessing = 0;
		};
/* End PBXSourcesBuildPhase section */

/* Begin XCBuildConfiguration section */
		E882FE851BD5312600E1C8C7 /* Debug */ = {
			isa = XCBuildConfiguration;
			buildSettings = {
				ALWAYS_SEARCH_USER_PATHS = NO;
				CLANG_CXX_LANGUAGE_STANDARD = "gnu++0x";
				CLANG_CXX_LIBRARY = "libc++";
				CLANG_ENABLE_MODULES = YES;
				CLANG_ENABLE_OBJC_ARC = YES;
				CLANG_WARN_BOOL_CONVERSION = YES;
				CLANG_WARN_CONSTANT_CONVERSION = YES;
				CLANG_WARN_DIRECT_OBJC_ISA_USAGE = YES_ERROR;
				CLANG_WARN_EMPTY_BODY = YES;
				CLANG_WARN_ENUM_CONVERSION = YES;
				CLANG_WARN_INFINITE_RECURSION = YES;
				CLANG_WARN_INT_CONVERSION = YES;
				CLANG_WARN_OBJC_ROOT_CLASS = YES_ERROR;
				CLANG_WARN_SUSPICIOUS_MOVE = YES;
				CLANG_WARN_UNREACHABLE_CODE = YES;
				CLANG_WARN__DUPLICATE_METHOD_MATCH = YES;
				COPY_PHASE_STRIP = NO;
				DEBUG_INFORMATION_FORMAT = dwarf;
				ENABLE_STRICT_OBJC_MSGSEND = YES;
				ENABLE_TESTABILITY = YES;
				GCC_C_LANGUAGE_STANDARD = gnu99;
				GCC_DYNAMIC_NO_PIC = NO;
				GCC_NO_COMMON_BLOCKS = YES;
				GCC_OPTIMIZATION_LEVEL = 0;
				GCC_PREPROCESSOR_DEFINITIONS = (
					"DEBUG=1",
					"HAVE_OPENSSL=1",
				);
				GCC_SYMBOLS_PRIVATE_EXTERN = YES;
				GCC_WARN_64_TO_32_BIT_CONVERSION = YES;
				GCC_WARN_ABOUT_RETURN_TYPE = YES_ERROR;
				GCC_WARN_UNDECLARED_SELECTOR = YES;
				GCC_WARN_UNINITIALIZED_AUTOS = YES_AGGRESSIVE;
				GCC_WARN_UNUSED_FUNCTION = YES;
				GCC_WARN_UNUSED_VARIABLE = YES;
				IPHONEOS_DEPLOYMENT_TARGET = 9.0;
				MTL_ENABLE_DEBUG_INFO = YES;
				ONLY_ACTIVE_ARCH = YES;
				SDKROOT = iphoneos;
			};
			name = Debug;
		};
		E882FE861BD5312600E1C8C7 /* Release */ = {
			isa = XCBuildConfiguration;
			buildSettings = {
				ALWAYS_SEARCH_USER_PATHS = NO;
				CLANG_CXX_LANGUAGE_STANDARD = "gnu++0x";
				CLANG_CXX_LIBRARY = "libc++";
				CLANG_ENABLE_MODULES = YES;
				CLANG_ENABLE_OBJC_ARC = YES;
				CLANG_WARN_BOOL_CONVERSION = YES;
				CLANG_WARN_CONSTANT_CONVERSION = YES;
				CLANG_WARN_DIRECT_OBJC_ISA_USAGE = YES_ERROR;
				CLANG_WARN_EMPTY_BODY = YES;
				CLANG_WARN_ENUM_CONVERSION = YES;
				CLANG_WARN_INFINITE_RECURSION = YES;
				CLANG_WARN_INT_CONVERSION = YES;
				CLANG_WARN_OBJC_ROOT_CLASS = YES_ERROR;
				CLANG_WARN_SUSPICIOUS_MOVE = YES;
				CLANG_WARN_UNREACHABLE_CODE = YES;
				CLANG_WARN__DUPLICATE_METHOD_MATCH = YES;
				COPY_PHASE_STRIP = NO;
				DEBUG_INFORMATION_FORMAT = "dwarf-with-dsym";
				ENABLE_NS_ASSERTIONS = NO;
				ENABLE_STRICT_OBJC_MSGSEND = YES;
				GCC_C_LANGUAGE_STANDARD = gnu99;
				GCC_NO_COMMON_BLOCKS = YES;
				GCC_PREPROCESSOR_DEFINITIONS = "HAVE_OPENSSL=1";
				GCC_SYMBOLS_PRIVATE_EXTERN = YES;
				GCC_WARN_64_TO_32_BIT_CONVERSION = YES;
				GCC_WARN_ABOUT_RETURN_TYPE = YES_ERROR;
				GCC_WARN_UNDECLARED_SELECTOR = YES;
				GCC_WARN_UNINITIALIZED_AUTOS = YES_AGGRESSIVE;
				GCC_WARN_UNUSED_FUNCTION = YES;
				GCC_WARN_UNUSED_VARIABLE = YES;
				IPHONEOS_DEPLOYMENT_TARGET = 9.0;
				MTL_ENABLE_DEBUG_INFO = NO;
				SDKROOT = iphoneos;
				VALIDATE_PRODUCT = YES;
			};
			name = Release;
		};
		E882FE881BD5312600E1C8C7 /* Debug */ = {
			isa = XCBuildConfiguration;
			buildSettings = {
				GCC_PREPROCESSOR_DEFINITIONS = "$(inherited)";
				OTHER_CFLAGS = "";
				OTHER_CPLUSPLUSFLAGS = "$(OTHER_CFLAGS)";
				OTHER_LDFLAGS = "-ObjC";
				PRODUCT_NAME = "$(TARGET_NAME)";
				SKIP_INSTALL = YES;
			};
			name = Debug;
		};
		E882FE891BD5312600E1C8C7 /* Release */ = {
			isa = XCBuildConfiguration;
			buildSettings = {
				GCC_PREPROCESSOR_DEFINITIONS = "HAVE_OPENSSL=1";
				OTHER_CFLAGS = "";
				OTHER_CPLUSPLUSFLAGS = "$(OTHER_CFLAGS)";
				OTHER_LDFLAGS = "-ObjC";
				PRODUCT_NAME = "$(TARGET_NAME)";
				SKIP_INSTALL = YES;
			};
			name = Release;
		};
		E8FAB21C1BD7C36200E89DC5 /* Debug */ = {
			isa = XCBuildConfiguration;
			buildSettings = {
				COMBINE_HIDPI_IMAGES = YES;
				GCC_PREPROCESSOR_DEFINITIONS = "$(inherited)";
				OTHER_CFLAGS = "";
				OTHER_CPLUSPLUSFLAGS = (
					"$(OTHER_CFLAGS)",
					"-I/usr/local/ssl/include",
				);
				OTHER_LDFLAGS = "-ObjC";
				PRODUCT_NAME = "$(TARGET_NAME)";
				SDKROOT = macosx;
				SKIP_INSTALL = YES;
			};
			name = Debug;
		};
		E8FAB21D1BD7C36200E89DC5 /* Release */ = {
			isa = XCBuildConfiguration;
			buildSettings = {
				COMBINE_HIDPI_IMAGES = YES;
				GCC_PREPROCESSOR_DEFINITIONS = "HAVE_OPENSSL=1";
				OTHER_CFLAGS = "";
				OTHER_CPLUSPLUSFLAGS = (
					"$(OTHER_CFLAGS)",
					"-I/usr/local/ssl/include",
				);
				OTHER_LDFLAGS = "-ObjC";
				PRODUCT_NAME = "$(TARGET_NAME)";
				SDKROOT = macosx;
				SKIP_INSTALL = YES;
			};
			name = Release;
		};
/* End XCBuildConfiguration section */

/* Begin XCConfigurationList section */
		E882FE791BD5312600E1C8C7 /* Build configuration list for PBXProject "oslayer" */ = {
			isa = XCConfigurationList;
			buildConfigurations = (
				E882FE851BD5312600E1C8C7 /* Debug */,
				E882FE861BD5312600E1C8C7 /* Release */,
			);
			defaultConfigurationIsVisible = 0;
			defaultConfigurationName = Release;
		};
		E882FE871BD5312600E1C8C7 /* Build configuration list for PBXNativeTarget "oslayer" */ = {
			isa = XCConfigurationList;
			buildConfigurations = (
				E882FE881BD5312600E1C8C7 /* Debug */,
				E882FE891BD5312600E1C8C7 /* Release */,
			);
			defaultConfigurationIsVisible = 0;
			defaultConfigurationName = Release;
		};
		E8FAB21B1BD7C36200E89DC5 /* Build configuration list for PBXNativeTarget "oslayer-cocoa" */ = {
			isa = XCConfigurationList;
			buildConfigurations = (
				E8FAB21C1BD7C36200E89DC5 /* Debug */,
				E8FAB21D1BD7C36200E89DC5 /* Release */,
			);
			defaultConfigurationIsVisible = 0;
			defaultConfigurationName = Release;
		};
/* End XCConfigurationList section */
	};
	rootObject = E882FE761BD5312600E1C8C7 /* Project object */;
}
