// !$*UTF8*$!
{
	archiveVersion = 1;
	classes = {
	};
	objectVersion = 46;
	objects = {

/* Begin PBXBuildFile section */
		E8075A101C03634D00EBE4B8 /* Measurement.cpp in Sources */ = {isa = PBXBuildFile; fileRef = E8075A0E1C03634D00EBE4B8 /* Measurement.cpp */; };
		E8075A141C03640F00EBE4B8 /* Measurement.cpp in Sources */ = {isa = PBXBuildFile; fileRef = E8075A0E1C03634D00EBE4B8 /* Measurement.cpp */; };
		E8447C961BF4AC11000E2903 /* FileReaderWriter.cpp in Sources */ = {isa = PBXBuildFile; fileRef = E8447C921BF4AC11000E2903 /* FileReaderWriter.cpp */; };
		E8447C971BF4AC11000E2903 /* RandomPortBinders.cpp in Sources */ = {isa = PBXBuildFile; fileRef = E8447C941BF4AC11000E2903 /* RandomPortBinders.cpp */; };
		E8447C981BF4AC26000E2903 /* FileReaderWriter.cpp in Sources */ = {isa = PBXBuildFile; fileRef = E8447C921BF4AC11000E2903 /* FileReaderWriter.cpp */; };
		E8447C991BF4AC26000E2903 /* RandomPortBinders.cpp in Sources */ = {isa = PBXBuildFile; fileRef = E8447C941BF4AC11000E2903 /* RandomPortBinders.cpp */; };
		E857BB6B1BECD09800D2022F /* Logger.cpp in Sources */ = {isa = PBXBuildFile; fileRef = E857BB691BECD09800D2022F /* Logger.cpp */; };
		E857BB6C1BECD0A500D2022F /* Logger.cpp in Sources */ = {isa = PBXBuildFile; fileRef = E857BB691BECD09800D2022F /* Logger.cpp */; };
		E857BB8C1BEDE13300D2022F /* PollablePool.cpp in Sources */ = {isa = PBXBuildFile; fileRef = E857BB8A1BEDE13300D2022F /* PollablePool.cpp */; };
		E857BB8D1BEDE13300D2022F /* PollablePool.cpp in Sources */ = {isa = PBXBuildFile; fileRef = E857BB8A1BEDE13300D2022F /* PollablePool.cpp */; };
		E882FE821BD5312600E1C8C7 /* oslayer.h in CopyFiles */ = {isa = PBXBuildFile; fileRef = E882FE811BD5312600E1C8C7 /* oslayer.h */; };
		E882FE841BD5312600E1C8C7 /* oslayer.mm in Sources */ = {isa = PBXBuildFile; fileRef = E882FE831BD5312600E1C8C7 /* oslayer.mm */; };
		E882FE8E1BD5315300E1C8C7 /* os.cpp in Sources */ = {isa = PBXBuildFile; fileRef = E882FE8A1BD5315300E1C8C7 /* os.cpp */; };
		E882FE8F1BD5315300E1C8C7 /* Text.cpp in Sources */ = {isa = PBXBuildFile; fileRef = E882FE8C1BD5315300E1C8C7 /* Text.cpp */; };
		E882FEA81BD687E100E1C8C7 /* OSThread.mm in Sources */ = {isa = PBXBuildFile; fileRef = E882FEA71BD687E100E1C8C7 /* OSThread.mm */; };
		E882FEAA1BD692C700E1C8C7 /* OSSocket.mm in Sources */ = {isa = PBXBuildFile; fileRef = E882FEA91BD692C700E1C8C7 /* OSSocket.mm */; };
		E89501331C109924009434B1 /* Properties.cpp in Sources */ = {isa = PBXBuildFile; fileRef = E895012F1C109924009434B1 /* Properties.cpp */; };
		E89501341C109924009434B1 /* Socket.cpp in Sources */ = {isa = PBXBuildFile; fileRef = E89501311C109924009434B1 /* Socket.cpp */; };
		E895013D1C1101C1009434B1 /* Properties.cpp in Sources */ = {isa = PBXBuildFile; fileRef = E895012F1C109924009434B1 /* Properties.cpp */; };
		E895013E1C1101C1009434B1 /* Socket.cpp in Sources */ = {isa = PBXBuildFile; fileRef = E89501311C109924009434B1 /* Socket.cpp */; };
		E8B161401BFDF8DA002D68C7 /* Iteration.cpp in Sources */ = {isa = PBXBuildFile; fileRef = E8B1613C1BFDF8DA002D68C7 /* Iteration.cpp */; };
		E8B161411BFDF8DA002D68C7 /* Iteration.cpp in Sources */ = {isa = PBXBuildFile; fileRef = E8B1613C1BFDF8DA002D68C7 /* Iteration.cpp */; };
		E8B161421BFDF8DA002D68C7 /* ThreadPool.cpp in Sources */ = {isa = PBXBuildFile; fileRef = E8B1613E1BFDF8DA002D68C7 /* ThreadPool.cpp */; };
		E8B161431BFDF8DA002D68C7 /* ThreadPool.cpp in Sources */ = {isa = PBXBuildFile; fileRef = E8B1613E1BFDF8DA002D68C7 /* ThreadPool.cpp */; };
		E8B161601C0054D4002D68C7 /* AutoRef.cpp in Sources */ = {isa = PBXBuildFile; fileRef = E8B1615E1C0054D4002D68C7 /* AutoRef.cpp */; };
		E8B161611C0054D4002D68C7 /* AutoRef.cpp in Sources */ = {isa = PBXBuildFile; fileRef = E8B1615E1C0054D4002D68C7 /* AutoRef.cpp */; };
		E8FAB2131BD7C36200E89DC5 /* OSSocket.mm in Sources */ = {isa = PBXBuildFile; fileRef = E882FEA91BD692C700E1C8C7 /* OSSocket.mm */; };
		E8FAB2141BD7C36200E89DC5 /* Text.cpp in Sources */ = {isa = PBXBuildFile; fileRef = E882FE8C1BD5315300E1C8C7 /* Text.cpp */; };
		E8FAB2151BD7C36200E89DC5 /* oslayer.mm in Sources */ = {isa = PBXBuildFile; fileRef = E882FE831BD5312600E1C8C7 /* oslayer.mm */; };
		E8FAB2161BD7C36200E89DC5 /* os.cpp in Sources */ = {isa = PBXBuildFile; fileRef = E882FE8A1BD5315300E1C8C7 /* os.cpp */; };
		E8FAB2171BD7C36200E89DC5 /* OSThread.mm in Sources */ = {isa = PBXBuildFile; fileRef = E882FEA71BD687E100E1C8C7 /* OSThread.mm */; };
		E8FAB21A1BD7C36200E89DC5 /* oslayer.h in CopyFiles */ = {isa = PBXBuildFile; fileRef = E882FE811BD5312600E1C8C7 /* oslayer.h */; };
/* End PBXBuildFile section */

/* Begin PBXCopyFilesBuildPhase section */
		E882FE7C1BD5312600E1C8C7 /* CopyFiles */ = {
			isa = PBXCopyFilesBuildPhase;
			buildActionMask = 2147483647;
			dstPath = "include/$(PRODUCT_NAME)";
			dstSubfolderSpec = 16;
			files = (
				E882FE821BD5312600E1C8C7 /* oslayer.h in CopyFiles */,
			);
			runOnlyForDeploymentPostprocessing = 0;
		};
		E8FAB2191BD7C36200E89DC5 /* CopyFiles */ = {
			isa = PBXCopyFilesBuildPhase;
			buildActionMask = 2147483647;
			dstPath = "include/$(PRODUCT_NAME)";
			dstSubfolderSpec = 16;
			files = (
				E8FAB21A1BD7C36200E89DC5 /* oslayer.h in CopyFiles */,
			);
			runOnlyForDeploymentPostprocessing = 0;
		};
/* End PBXCopyFilesBuildPhase section */

/* Begin PBXFileReference section */
		6C4A9F4B1C0BEE7800A45604 /* Utils.hpp */ = {isa = PBXFileReference; fileEncoding = 4; lastKnownFileType = sourcecode.cpp.h; name = Utils.hpp; path = ../../liboslayer/Utils.hpp; sourceTree = "<group>"; };
		E8075A0E1C03634D00EBE4B8 /* Measurement.cpp */ = {isa = PBXFileReference; fileEncoding = 4; lastKnownFileType = sourcecode.cpp.cpp; name = Measurement.cpp; path = ../../liboslayer/Measurement.cpp; sourceTree = "<group>"; };
		E8075A0F1C03634D00EBE4B8 /* Measurement.hpp */ = {isa = PBXFileReference; fileEncoding = 4; lastKnownFileType = sourcecode.cpp.h; name = Measurement.hpp; path = ../../liboslayer/Measurement.hpp; sourceTree = "<group>"; };
		E8447C921BF4AC11000E2903 /* FileReaderWriter.cpp */ = {isa = PBXFileReference; fileEncoding = 4; lastKnownFileType = sourcecode.cpp.cpp; name = FileReaderWriter.cpp; path = ../../liboslayer/FileReaderWriter.cpp; sourceTree = "<group>"; };
		E8447C931BF4AC11000E2903 /* FileReaderWriter.hpp */ = {isa = PBXFileReference; fileEncoding = 4; lastKnownFileType = sourcecode.cpp.h; name = FileReaderWriter.hpp; path = ../../liboslayer/FileReaderWriter.hpp; sourceTree = "<group>"; };
		E8447C941BF4AC11000E2903 /* RandomPortBinders.cpp */ = {isa = PBXFileReference; fileEncoding = 4; lastKnownFileType = sourcecode.cpp.cpp; name = RandomPortBinders.cpp; path = ../../liboslayer/RandomPortBinders.cpp; sourceTree = "<group>"; };
		E8447C951BF4AC11000E2903 /* RandomPortBinders.hpp */ = {isa = PBXFileReference; fileEncoding = 4; lastKnownFileType = sourcecode.cpp.h; name = RandomPortBinders.hpp; path = ../../liboslayer/RandomPortBinders.hpp; sourceTree = "<group>"; };
		E857BB371BE900CD00D2022F /* StringElement.hpp */ = {isa = PBXFileReference; fileEncoding = 4; lastKnownFileType = sourcecode.cpp.h; name = StringElement.hpp; path = ../../liboslayer/StringElement.hpp; sourceTree = "<group>"; };
		E857BB691BECD09800D2022F /* Logger.cpp */ = {isa = PBXFileReference; fileEncoding = 4; lastKnownFileType = sourcecode.cpp.cpp; name = Logger.cpp; path = ../../liboslayer/Logger.cpp; sourceTree = "<group>"; };
		E857BB6A1BECD09800D2022F /* Logger.hpp */ = {isa = PBXFileReference; fileEncoding = 4; lastKnownFileType = sourcecode.cpp.h; name = Logger.hpp; path = ../../liboslayer/Logger.hpp; sourceTree = "<group>"; };
		E857BB8A1BEDE13300D2022F /* PollablePool.cpp */ = {isa = PBXFileReference; fileEncoding = 4; lastKnownFileType = sourcecode.cpp.cpp; name = PollablePool.cpp; path = ../../liboslayer/PollablePool.cpp; sourceTree = "<group>"; };
		E857BB8B1BEDE13300D2022F /* PollablePool.hpp */ = {isa = PBXFileReference; fileEncoding = 4; lastKnownFileType = sourcecode.cpp.h; name = PollablePool.hpp; path = ../../liboslayer/PollablePool.hpp; sourceTree = "<group>"; };
		E882FE7E1BD5312600E1C8C7 /* liboslayer.a */ = {isa = PBXFileReference; explicitFileType = archive.ar; includeInIndex = 0; path = liboslayer.a; sourceTree = BUILT_PRODUCTS_DIR; };
		E882FE811BD5312600E1C8C7 /* oslayer.h */ = {isa = PBXFileReference; lastKnownFileType = sourcecode.c.h; path = oslayer.h; sourceTree = "<group>"; };
		E882FE831BD5312600E1C8C7 /* oslayer.mm */ = {isa = PBXFileReference; lastKnownFileType = sourcecode.cpp.objcpp; path = oslayer.mm; sourceTree = "<group>"; };
		E882FE8A1BD5315300E1C8C7 /* os.cpp */ = {isa = PBXFileReference; fileEncoding = 4; lastKnownFileType = sourcecode.cpp.cpp; name = os.cpp; path = ../../liboslayer/os.cpp; sourceTree = "<group>"; };
		E882FE8B1BD5315300E1C8C7 /* os.hpp */ = {isa = PBXFileReference; fileEncoding = 4; lastKnownFileType = sourcecode.cpp.h; name = os.hpp; path = ../../liboslayer/os.hpp; sourceTree = "<group>"; };
		E882FE8C1BD5315300E1C8C7 /* Text.cpp */ = {isa = PBXFileReference; fileEncoding = 4; lastKnownFileType = sourcecode.cpp.cpp; name = Text.cpp; path = ../../liboslayer/Text.cpp; sourceTree = "<group>"; };
		E882FE8D1BD5315300E1C8C7 /* Text.hpp */ = {isa = PBXFileReference; fileEncoding = 4; lastKnownFileType = sourcecode.cpp.h; name = Text.hpp; path = ../../liboslayer/Text.hpp; sourceTree = "<group>"; };
		E882FEA71BD687E100E1C8C7 /* OSThread.mm */ = {isa = PBXFileReference; fileEncoding = 4; lastKnownFileType = sourcecode.cpp.objcpp; path = OSThread.mm; sourceTree = "<group>"; };
		E882FEA91BD692C700E1C8C7 /* OSSocket.mm */ = {isa = PBXFileReference; fileEncoding = 4; lastKnownFileType = sourcecode.cpp.objcpp; path = OSSocket.mm; sourceTree = "<group>"; };
		E895012E1C109924009434B1 /* AutoRelease.hpp */ = {isa = PBXFileReference; fileEncoding = 4; lastKnownFileType = sourcecode.cpp.h; name = AutoRelease.hpp; path = ../../liboslayer/AutoRelease.hpp; sourceTree = "<group>"; };
		E895012F1C109924009434B1 /* Properties.cpp */ = {isa = PBXFileReference; fileEncoding = 4; lastKnownFileType = sourcecode.cpp.cpp; name = Properties.cpp; path = ../../liboslayer/Properties.cpp; sourceTree = "<group>"; };
		E89501301C109924009434B1 /* Properties.hpp */ = {isa = PBXFileReference; fileEncoding = 4; lastKnownFileType = sourcecode.cpp.h; name = Properties.hpp; path = ../../liboslayer/Properties.hpp; sourceTree = "<group>"; };
		E89501311C109924009434B1 /* Socket.cpp */ = {isa = PBXFileReference; fileEncoding = 4; lastKnownFileType = sourcecode.cpp.cpp; name = Socket.cpp; path = ../../liboslayer/Socket.cpp; sourceTree = "<group>"; };
		E89501321C109924009434B1 /* Socket.hpp */ = {isa = PBXFileReference; fileEncoding = 4; lastKnownFileType = sourcecode.cpp.h; name = Socket.hpp; path = ../../liboslayer/Socket.hpp; sourceTree = "<group>"; };
		E8B1613C1BFDF8DA002D68C7 /* Iteration.cpp */ = {isa = PBXFileReference; fileEncoding = 4; lastKnownFileType = sourcecode.cpp.cpp; name = Iteration.cpp; path = ../../liboslayer/Iteration.cpp; sourceTree = "<group>"; };
		E8B1613D1BFDF8DA002D68C7 /* Iteration.hpp */ = {isa = PBXFileReference; fileEncoding = 4; lastKnownFileType = sourcecode.cpp.h; name = Iteration.hpp; path = ../../liboslayer/Iteration.hpp; sourceTree = "<group>"; };
		E8B1613E1BFDF8DA002D68C7 /* ThreadPool.cpp */ = {isa = PBXFileReference; fileEncoding = 4; lastKnownFileType = sourcecode.cpp.cpp; name = ThreadPool.cpp; path = ../../liboslayer/ThreadPool.cpp; sourceTree = "<group>"; };
		E8B1613F1BFDF8DA002D68C7 /* ThreadPool.hpp */ = {isa = PBXFileReference; fileEncoding = 4; lastKnownFileType = sourcecode.cpp.h; name = ThreadPool.hpp; path = ../../liboslayer/ThreadPool.hpp; sourceTree = "<group>"; };
		E8B1615E1C0054D4002D68C7 /* AutoRef.cpp */ = {isa = PBXFileReference; fileEncoding = 4; lastKnownFileType = sourcecode.cpp.cpp; name = AutoRef.cpp; path = ../../liboslayer/AutoRef.cpp; sourceTree = "<group>"; };
		E8B1615F1C0054D4002D68C7 /* AutoRef.hpp */ = {isa = PBXFileReference; fileEncoding = 4; lastKnownFileType = sourcecode.cpp.h; name = AutoRef.hpp; path = ../../liboslayer/AutoRef.hpp; sourceTree = "<group>"; };
		E8FAB21E1BD7C36200E89DC5 /* liboslayer-cocoa.a */ = {isa = PBXFileReference; explicitFileType = archive.ar; includeInIndex = 0; path = "liboslayer-cocoa.a"; sourceTree = BUILT_PRODUCTS_DIR; };
/* End PBXFileReference section */

/* Begin PBXFrameworksBuildPhase section */
		E882FE7B1BD5312600E1C8C7 /* Frameworks */ = {
			isa = PBXFrameworksBuildPhase;
			buildActionMask = 2147483647;
			files = (
			);
			runOnlyForDeploymentPostprocessing = 0;
		};
		E8FAB2181BD7C36200E89DC5 /* Frameworks */ = {
			isa = PBXFrameworksBuildPhase;
			buildActionMask = 2147483647;
			files = (
			);
			runOnlyForDeploymentPostprocessing = 0;
		};
/* End PBXFrameworksBuildPhase section */

/* Begin PBXGroup section */
		E882FE751BD5312600E1C8C7 = {
			isa = PBXGroup;
			children = (
				E882FEA51BD6872600E1C8C7 /* liboslayer_c++ */,
				E882FE801BD5312600E1C8C7 /* oslayer */,
				E882FE7F1BD5312600E1C8C7 /* Products */,
			);
			sourceTree = "<group>";
		};
		E882FE7F1BD5312600E1C8C7 /* Products */ = {
			isa = PBXGroup;
			children = (
				E882FE7E1BD5312600E1C8C7 /* liboslayer.a */,
				E8FAB21E1BD7C36200E89DC5 /* liboslayer-cocoa.a */,
			);
			name = Products;
			sourceTree = "<group>";
		};
		E882FE801BD5312600E1C8C7 /* oslayer */ = {
			isa = PBXGroup;
			children = (
				E882FE811BD5312600E1C8C7 /* oslayer.h */,
				E882FE831BD5312600E1C8C7 /* oslayer.mm */,
				E882FEA71BD687E100E1C8C7 /* OSThread.mm */,
				E882FEA91BD692C700E1C8C7 /* OSSocket.mm */,
			);
			path = oslayer;
			sourceTree = "<group>";
		};
		E882FEA51BD6872600E1C8C7 /* liboslayer_c++ */ = {
			isa = PBXGroup;
			children = (
				E895012E1C109924009434B1 /* AutoRelease.hpp */,
				E895012F1C109924009434B1 /* Properties.cpp */,
				E89501301C109924009434B1 /* Properties.hpp */,
				E89501311C109924009434B1 /* Socket.cpp */,
				E89501321C109924009434B1 /* Socket.hpp */,
				E8B1615E1C0054D4002D68C7 /* AutoRef.cpp */,
				E8B1615F1C0054D4002D68C7 /* AutoRef.hpp */,
				E8447C921BF4AC11000E2903 /* FileReaderWriter.cpp */,
				E8447C931BF4AC11000E2903 /* FileReaderWriter.hpp */,
				E8B1613C1BFDF8DA002D68C7 /* Iteration.cpp */,
				E8B1613D1BFDF8DA002D68C7 /* Iteration.hpp */,
				E857BB691BECD09800D2022F /* Logger.cpp */,
				E857BB6A1BECD09800D2022F /* Logger.hpp */,
				E8075A0E1C03634D00EBE4B8 /* Measurement.cpp */,
				E8075A0F1C03634D00EBE4B8 /* Measurement.hpp */,
				E882FE8A1BD5315300E1C8C7 /* os.cpp */,
				E882FE8B1BD5315300E1C8C7 /* os.hpp */,
				E857BB8A1BEDE13300D2022F /* PollablePool.cpp */,
				E857BB8B1BEDE13300D2022F /* PollablePool.hpp */,
				E8447C941BF4AC11000E2903 /* RandomPortBinders.cpp */,
				E8447C951BF4AC11000E2903 /* RandomPortBinders.hpp */,
				E857BB371BE900CD00D2022F /* StringElement.hpp */,
				E882FE8C1BD5315300E1C8C7 /* Text.cpp */,
				E882FE8D1BD5315300E1C8C7 /* Text.hpp */,
				E8B1613E1BFDF8DA002D68C7 /* ThreadPool.cpp */,
				E8B1613F1BFDF8DA002D68C7 /* ThreadPool.hpp */,
				6C4A9F4B1C0BEE7800A45604 /* Utils.hpp */,
			);
			name = "liboslayer_c++";
			sourceTree = "<group>";
		};
/* End PBXGroup section */

/* Begin PBXNativeTarget section */
		E882FE7D1BD5312600E1C8C7 /* oslayer */ = {
			isa = PBXNativeTarget;
			buildConfigurationList = E882FE871BD5312600E1C8C7 /* Build configuration list for PBXNativeTarget "oslayer" */;
			buildPhases = (
				E882FE7A1BD5312600E1C8C7 /* Sources */,
				E882FE7B1BD5312600E1C8C7 /* Frameworks */,
				E882FE7C1BD5312600E1C8C7 /* CopyFiles */,
			);
			buildRules = (
			);
			dependencies = (
			);
			name = oslayer;
			productName = oslayer;
			productReference = E882FE7E1BD5312600E1C8C7 /* liboslayer.a */;
			productType = "com.apple.product-type.library.static";
		};
		E8FAB2111BD7C36200E89DC5 /* oslayer-cocoa */ = {
			isa = PBXNativeTarget;
			buildConfigurationList = E8FAB21B1BD7C36200E89DC5 /* Build configuration list for PBXNativeTarget "oslayer-cocoa" */;
			buildPhases = (
				E8FAB2121BD7C36200E89DC5 /* Sources */,
				E8FAB2181BD7C36200E89DC5 /* Frameworks */,
				E8FAB2191BD7C36200E89DC5 /* CopyFiles */,
			);
			buildRules = (
			);
			dependencies = (
			);
			name = "oslayer-cocoa";
			productName = oslayer;
			productReference = E8FAB21E1BD7C36200E89DC5 /* liboslayer-cocoa.a */;
			productType = "com.apple.product-type.library.static";
		};
/* End PBXNativeTarget section */

/* Begin PBXProject section */
		E882FE761BD5312600E1C8C7 /* Project object */ = {
			isa = PBXProject;
			attributes = {
				LastUpgradeCheck = 0710;
				ORGANIZATIONNAME = TJ;
				TargetAttributes = {
					E882FE7D1BD5312600E1C8C7 = {
						CreatedOnToolsVersion = 7.0.1;
					};
				};
			};
			buildConfigurationList = E882FE791BD5312600E1C8C7 /* Build configuration list for PBXProject "oslayer" */;
			compatibilityVersion = "Xcode 3.2";
			developmentRegion = English;
			hasScannedForEncodings = 0;
			knownRegions = (
				en,
			);
			mainGroup = E882FE751BD5312600E1C8C7;
			productRefGroup = E882FE7F1BD5312600E1C8C7 /* Products */;
			projectDirPath = "";
			projectRoot = "";
			targets = (
				E882FE7D1BD5312600E1C8C7 /* oslayer */,
				E8FAB2111BD7C36200E89DC5 /* oslayer-cocoa */,
			);
		};
/* End PBXProject section */

/* Begin PBXSourcesBuildPhase section */
		E882FE7A1BD5312600E1C8C7 /* Sources */ = {
			isa = PBXSourcesBuildPhase;
			buildActionMask = 2147483647;
			files = (
				E882FEAA1BD692C700E1C8C7 /* OSSocket.mm in Sources */,
				E8B161401BFDF8DA002D68C7 /* Iteration.cpp in Sources */,
				E8075A101C03634D00EBE4B8 /* Measurement.cpp in Sources */,
				E857BB6B1BECD09800D2022F /* Logger.cpp in Sources */,
				E89501341C109924009434B1 /* Socket.cpp in Sources */,
				E882FE8F1BD5315300E1C8C7 /* Text.cpp in Sources */,
				E882FE841BD5312600E1C8C7 /* oslayer.mm in Sources */,
				E8447C971BF4AC11000E2903 /* RandomPortBinders.cpp in Sources */,
				E857BB8C1BEDE13300D2022F /* PollablePool.cpp in Sources */,
				E89501331C109924009434B1 /* Properties.cpp in Sources */,
				E8B161601C0054D4002D68C7 /* AutoRef.cpp in Sources */,
				E8447C961BF4AC11000E2903 /* FileReaderWriter.cpp in Sources */,
				E882FE8E1BD5315300E1C8C7 /* os.cpp in Sources */,
				E882FEA81BD687E100E1C8C7 /* OSThread.mm in Sources */,
				E8B161421BFDF8DA002D68C7 /* ThreadPool.cpp in Sources */,
			);
			runOnlyForDeploymentPostprocessing = 0;
		};
		E8FAB2121BD7C36200E89DC5 /* Sources */ = {
			isa = PBXSourcesBuildPhase;
			buildActionMask = 2147483647;
			files = (
				E895013D1C1101C1009434B1 /* Properties.cpp in Sources */,
				E895013E1C1101C1009434B1 /* Socket.cpp in Sources */,
				E8075A141C03640F00EBE4B8 /* Measurement.cpp in Sources */,
				E8447C981BF4AC26000E2903 /* FileReaderWriter.cpp in Sources */,
				E8B161411BFDF8DA002D68C7 /* Iteration.cpp in Sources */,
				E8447C991BF4AC26000E2903 /* RandomPortBinders.cpp in Sources */,
				E857BB6C1BECD0A500D2022F /* Logger.cpp in Sources */,
				E8FAB2131BD7C36200E89DC5 /* OSSocket.mm in Sources */,
				E8FAB2141BD7C36200E89DC5 /* Text.cpp in Sources */,
				E8FAB2151BD7C36200E89DC5 /* oslayer.mm in Sources */,
				E8B161611C0054D4002D68C7 /* AutoRef.cpp in Sources */,
				E857BB8D1BEDE13300D2022F /* PollablePool.cpp in Sources */,
				E8FAB2161BD7C36200E89DC5 /* os.cpp in Sources */,
				E8FAB2171BD7C36200E89DC5 /* OSThread.mm in Sources */,
				E8B161431BFDF8DA002D68C7 /* ThreadPool.cpp in Sources */,
			);
			runOnlyForDeploymentPostprocessing = 0;
		};
/* End PBXSourcesBuildPhase section */

/* Begin XCBuildConfiguration section */
		E882FE851BD5312600E1C8C7 /* Debug */ = {
			isa = XCBuildConfiguration;
			buildSettings = {
				ALWAYS_SEARCH_USER_PATHS = NO;
				CLANG_CXX_LANGUAGE_STANDARD = "gnu++0x";
				CLANG_CXX_LIBRARY = "libc++";
				CLANG_ENABLE_MODULES = YES;
				CLANG_ENABLE_OBJC_ARC = YES;
				CLANG_WARN_BOOL_CONVERSION = YES;
				CLANG_WARN_CONSTANT_CONVERSION = YES;
				CLANG_WARN_DIRECT_OBJC_ISA_USAGE = YES_ERROR;
				CLANG_WARN_EMPTY_BODY = YES;
				CLANG_WARN_ENUM_CONVERSION = YES;
				CLANG_WARN_INT_CONVERSION = YES;
				CLANG_WARN_OBJC_ROOT_CLASS = YES_ERROR;
				CLANG_WARN_UNREACHABLE_CODE = YES;
				CLANG_WARN__DUPLICATE_METHOD_MATCH = YES;
				COPY_PHASE_STRIP = NO;
				DEBUG_INFORMATION_FORMAT = dwarf;
				ENABLE_STRICT_OBJC_MSGSEND = YES;
				ENABLE_TESTABILITY = YES;
				GCC_C_LANGUAGE_STANDARD = gnu99;
				GCC_DYNAMIC_NO_PIC = NO;
				GCC_NO_COMMON_BLOCKS = YES;
				GCC_OPTIMIZATION_LEVEL = 0;
				GCC_PREPROCESSOR_DEFINITIONS = (
					"DEBUG=1",
					"$(inherited)",
				);
				GCC_WARN_64_TO_32_BIT_CONVERSION = YES;
				GCC_WARN_ABOUT_RETURN_TYPE = YES_ERROR;
				GCC_WARN_UNDECLARED_SELECTOR = YES;
				GCC_WARN_UNINITIALIZED_AUTOS = YES_AGGRESSIVE;
				GCC_WARN_UNUSED_FUNCTION = YES;
				GCC_WARN_UNUSED_VARIABLE = YES;
				IPHONEOS_DEPLOYMENT_TARGET = 9.0;
				MTL_ENABLE_DEBUG_INFO = YES;
				ONLY_ACTIVE_ARCH = YES;
				SDKROOT = iphoneos;
			};
			name = Debug;
		};
		E882FE861BD5312600E1C8C7 /* Release */ = {
			isa = XCBuildConfiguration;
			buildSettings = {
				ALWAYS_SEARCH_USER_PATHS = NO;
				CLANG_CXX_LANGUAGE_STANDARD = "gnu++0x";
				CLANG_CXX_LIBRARY = "libc++";
				CLANG_ENABLE_MODULES = YES;
				CLANG_ENABLE_OBJC_ARC = YES;
				CLANG_WARN_BOOL_CONVERSION = YES;
				CLANG_WARN_CONSTANT_CONVERSION = YES;
				CLANG_WARN_DIRECT_OBJC_ISA_USAGE = YES_ERROR;
				CLANG_WARN_EMPTY_BODY = YES;
				CLANG_WARN_ENUM_CONVERSION = YES;
				CLANG_WARN_INT_CONVERSION = YES;
				CLANG_WARN_OBJC_ROOT_CLASS = YES_ERROR;
				CLANG_WARN_UNREACHABLE_CODE = YES;
				CLANG_WARN__DUPLICATE_METHOD_MATCH = YES;
				COPY_PHASE_STRIP = NO;
				DEBUG_INFORMATION_FORMAT = "dwarf-with-dsym";
				ENABLE_NS_ASSERTIONS = NO;
				ENABLE_STRICT_OBJC_MSGSEND = YES;
				GCC_C_LANGUAGE_STANDARD = gnu99;
				GCC_NO_COMMON_BLOCKS = YES;
				GCC_WARN_64_TO_32_BIT_CONVERSION = YES;
				GCC_WARN_ABOUT_RETURN_TYPE = YES_ERROR;
				GCC_WARN_UNDECLARED_SELECTOR = YES;
				GCC_WARN_UNINITIALIZED_AUTOS = YES_AGGRESSIVE;
				GCC_WARN_UNUSED_FUNCTION = YES;
				GCC_WARN_UNUSED_VARIABLE = YES;
				IPHONEOS_DEPLOYMENT_TARGET = 9.0;
				MTL_ENABLE_DEBUG_INFO = NO;
				SDKROOT = iphoneos;
				VALIDATE_PRODUCT = YES;
			};
			name = Release;
		};
		E882FE881BD5312600E1C8C7 /* Debug */ = {
			isa = XCBuildConfiguration;
			buildSettings = {
				OTHER_LDFLAGS = "-ObjC";
				PRODUCT_NAME = "$(TARGET_NAME)";
				SKIP_INSTALL = YES;
			};
			name = Debug;
		};
		E882FE891BD5312600E1C8C7 /* Release */ = {
			isa = XCBuildConfiguration;
			buildSettings = {
				OTHER_LDFLAGS = "-ObjC";
				PRODUCT_NAME = "$(TARGET_NAME)";
				SKIP_INSTALL = YES;
			};
			name = Release;
		};
		E8FAB21C1BD7C36200E89DC5 /* Debug */ = {
			isa = XCBuildConfiguration;
			buildSettings = {
				COMBINE_HIDPI_IMAGES = YES;
				OTHER_LDFLAGS = "-ObjC";
				PRODUCT_NAME = "$(TARGET_NAME)";
				SDKROOT = macosx;
				SKIP_INSTALL = YES;
			};
			name = Debug;
		};
		E8FAB21D1BD7C36200E89DC5 /* Release */ = {
			isa = XCBuildConfiguration;
			buildSettings = {
				COMBINE_HIDPI_IMAGES = YES;
				OTHER_LDFLAGS = "-ObjC";
				PRODUCT_NAME = "$(TARGET_NAME)";
				SDKROOT = macosx;
				SKIP_INSTALL = YES;
			};
			name = Release;
		};
/* End XCBuildConfiguration section */

/* Begin XCConfigurationList section */
		E882FE791BD5312600E1C8C7 /* Build configuration list for PBXProject "oslayer" */ = {
			isa = XCConfigurationList;
			buildConfigurations = (
				E882FE851BD5312600E1C8C7 /* Debug */,
				E882FE861BD5312600E1C8C7 /* Release */,
			);
			defaultConfigurationIsVisible = 0;
			defaultConfigurationName = Release;
		};
		E882FE871BD5312600E1C8C7 /* Build configuration list for PBXNativeTarget "oslayer" */ = {
			isa = XCConfigurationList;
			buildConfigurations = (
				E882FE881BD5312600E1C8C7 /* Debug */,
				E882FE891BD5312600E1C8C7 /* Release */,
			);
			defaultConfigurationIsVisible = 0;
			defaultConfigurationName = Release;
		};
		E8FAB21B1BD7C36200E89DC5 /* Build configuration list for PBXNativeTarget "oslayer-cocoa" */ = {
			isa = XCConfigurationList;
			buildConfigurations = (
				E8FAB21C1BD7C36200E89DC5 /* Debug */,
				E8FAB21D1BD7C36200E89DC5 /* Release */,
			);
			defaultConfigurationIsVisible = 0;
			defaultConfigurationName = Release;
		};
/* End XCConfigurationList section */
	};
	rootObject = E882FE761BD5312600E1C8C7 /* Project object */;
}
