
Microsoft Visual Studio Solution File, Format Version 12.00
# Visual Studio 15
VisualStudioVersion = 15.0.28307.271
MinimumVisualStudioVersion = 10.0.40219.1
Project("{8BC9CEB8-8B4A-11D0-8D11-00A0C91BC942}") = "oslayer", "oslayer.vcxproj", "{62F62888-B617-D1C5-DD02-0CC27E78A455}"
EndProject
Project("{8BC9CEB8-8B4A-11D0-8D11-00A0C91BC942}") = "sample", "sample\sample.vcxproj", "{96E03B0B-4122-48C5-A355-D04505D676D5}"
	ProjectSection(ProjectDependencies) = postProject
		{62F62888-B617-D1C5-DD02-0CC27E78A455} = {62F62888-B617-D1C5-DD02-0CC27E78A455}
		{94647DC0-CA38-4B0F-BA24-39DF531AB938} = {94647DC0-CA38-4B0F-BA24-39DF531AB938}
	EndProjectSection
EndProject
Project("{8BC9CEB8-8B4A-11D0-8D11-00A0C91BC942}") = "libhello", "libhello\libhello.vcxproj", "{94647DC0-CA38-4B0F-BA24-39DF531AB938}"
EndProject
Project("{2150E333-8FDC-42A3-9474-1A3956D46DE8}") = "Solution Items", "Solution Items", "{27ED881B-6949-43D2-8276-9F9430D2BB29}"
	ProjectSection(SolutionItems) = preProject
		Local.testsettings = Local.testsettings
		oslayer.vsmdi = oslayer.vsmdi
		TraceAndTestImpact.testsettings = TraceAndTestImpact.testsettings
	EndProjectSection
EndProject
Project("{8BC9CEB8-8B4A-11D0-8D11-00A0C91BC942}") = "UnitTest", "UnitTest\UnitTest.vcxproj", "{76C67C3F-9678-46A2-8605-89D1A817A39B}"
EndProject
Global
	GlobalSection(SolutionConfigurationPlatforms) = preSolution
		Debug|Win32 = Debug|Win32
		Debug|x64 = Debug|x64
		Release|Win32 = Release|Win32
		Release|x64 = Release|x64
	EndGlobalSection
	GlobalSection(ProjectConfigurationPlatforms) = postSolution
		{62F62888-B617-D1C5-DD02-0CC27E78A455}.Debug|Win32.ActiveCfg = Debug|Win32
		{62F62888-B617-D1C5-DD02-0CC27E78A455}.Debug|Win32.Build.0 = Debug|Win32
		{62F62888-B617-D1C5-DD02-0CC27E78A455}.Debug|x64.ActiveCfg = Debug|x64
		{62F62888-B617-D1C5-DD02-0CC27E78A455}.Debug|x64.Build.0 = Debug|x64
		{62F62888-B617-D1C5-DD02-0CC27E78A455}.Release|Win32.ActiveCfg = Release|Win32
		{62F62888-B617-D1C5-DD02-0CC27E78A455}.Release|Win32.Build.0 = Release|Win32
		{62F62888-B617-D1C5-DD02-0CC27E78A455}.Release|x64.ActiveCfg = Release|x64
		{62F62888-B617-D1C5-DD02-0CC27E78A455}.Release|x64.Build.0 = Release|x64
		{96E03B0B-4122-48C5-A355-D04505D676D5}.Debug|Win32.ActiveCfg = Debug|Win32
		{96E03B0B-4122-48C5-A355-D04505D676D5}.Debug|Win32.Build.0 = Debug|Win32
		{96E03B0B-4122-48C5-A355-D04505D676D5}.Debug|x64.ActiveCfg = Debug|x64
		{96E03B0B-4122-48C5-A355-D04505D676D5}.Debug|x64.Build.0 = Debug|x64
		{96E03B0B-4122-48C5-A355-D04505D676D5}.Release|Win32.ActiveCfg = Release|Win32
		{96E03B0B-4122-48C5-A355-D04505D676D5}.Release|Win32.Build.0 = Release|Win32
		{96E03B0B-4122-48C5-A355-D04505D676D5}.Release|x64.ActiveCfg = Release|x64
		{96E03B0B-4122-48C5-A355-D04505D676D5}.Release|x64.Build.0 = Release|x64
		{94647DC0-CA38-4B0F-BA24-39DF531AB938}.Debug|Win32.ActiveCfg = Debug|Win32
		{94647DC0-CA38-4B0F-BA24-39DF531AB938}.Debug|Win32.Build.0 = Debug|Win32
		{94647DC0-CA38-4B0F-BA24-39DF531AB938}.Debug|x64.ActiveCfg = Debug|x64
		{94647DC0-CA38-4B0F-BA24-39DF531AB938}.Debug|x64.Build.0 = Debug|x64
		{94647DC0-CA38-4B0F-BA24-39DF531AB938}.Release|Win32.ActiveCfg = Release|Win32
		{94647DC0-CA38-4B0F-BA24-39DF531AB938}.Release|Win32.Build.0 = Release|Win32
		{94647DC0-CA38-4B0F-BA24-39DF531AB938}.Release|x64.ActiveCfg = Release|x64
		{94647DC0-CA38-4B0F-BA24-39DF531AB938}.Release|x64.Build.0 = Release|x64
		{76C67C3F-9678-46A2-8605-89D1A817A39B}.Debug|Win32.ActiveCfg = Debug|Win32
		{76C67C3F-9678-46A2-8605-89D1A817A39B}.Debug|Win32.Build.0 = Debug|Win32
		{76C67C3F-9678-46A2-8605-89D1A817A39B}.Debug|x64.ActiveCfg = Debug|x64
		{76C67C3F-9678-46A2-8605-89D1A817A39B}.Debug|x64.Build.0 = Debug|x64
		{76C67C3F-9678-46A2-8605-89D1A817A39B}.Release|Win32.ActiveCfg = Release|Win32
		{76C67C3F-9678-46A2-8605-89D1A817A39B}.Release|Win32.Build.0 = Release|Win32
		{76C67C3F-9678-46A2-8605-89D1A817A39B}.Release|x64.ActiveCfg = Release|x64
		{76C67C3F-9678-46A2-8605-89D1A817A39B}.Release|x64.Build.0 = Release|x64
	EndGlobalSection
	GlobalSection(SolutionProperties) = preSolution
		HideSolutionNode = FALSE
	EndGlobalSection
	GlobalSection(ExtensibilityGlobals) = postSolution
		SolutionGuid = {108FD710-475E-4A04-92D2-D1F23D8E9240}
	EndGlobalSection
	GlobalSection(TestCaseManagementSettings) = postSolution
		CategoryFile = oslayer.vsmdi
	EndGlobalSection
EndGlobal
